// !$*UTF8*$!
{
	archiveVersion = 1;
	classes = {
	};
	objectVersion = 51;
	objects = {

/* Begin PBXBuildFile section */
		0E0699BFC97BB5D055FDBA73 /* Pods_KokaiByWGO.framework in Frameworks */ = {isa = PBXBuildFile; fileRef = 2D85BF93751BF65A3AFDE1C7 /* Pods_KokaiByWGO.framework */; };
		AB3550B9265E5BC200550751 /* Alphabets.json in Resources */ = {isa = PBXBuildFile; fileRef = AB3550B7265E5BC200550751 /* Alphabets.json */; };
		AB3550BA265E5BC200550751 /* Vowels.json in Resources */ = {isa = PBXBuildFile; fileRef = AB3550B8265E5BC200550751 /* Vowels.json */; };
		AB3550EB265E6A4900550751 /* VowelView.swift in Sources */ = {isa = PBXBuildFile; fileRef = AB3550EA265E6A4800550751 /* VowelView.swift */; };
		AB3550EF265E6A7D00550751 /* AlphabetView.swift in Sources */ = {isa = PBXBuildFile; fileRef = AB3550EE265E6A7D00550751 /* AlphabetView.swift */; };
		AB3550F2265E6AA400550751 /* VowelClassView.swift in Sources */ = {isa = PBXBuildFile; fileRef = AB3550F1265E6AA400550751 /* VowelClassView.swift */; };
		AB3550FA265E6B0100550751 /* VowelGridItemView.swift in Sources */ = {isa = PBXBuildFile; fileRef = AB3550F9265E6B0100550751 /* VowelGridItemView.swift */; };
		AB3550FE265E6B3300550751 /* AlphabetClassView.swift in Sources */ = {isa = PBXBuildFile; fileRef = AB3550FD265E6B3300550751 /* AlphabetClassView.swift */; };
		AB355102265E6B5800550751 /* AlphabetDetailView.swift in Sources */ = {isa = PBXBuildFile; fileRef = AB355101265E6B5800550751 /* AlphabetDetailView.swift */; };
		AB355106265E6B7700550751 /* AlphabetGridItemView.swift in Sources */ = {isa = PBXBuildFile; fileRef = AB355105265E6B7700550751 /* AlphabetGridItemView.swift */; };
		AB35510A265E6B9000550751 /* AlphabetListItemView.swift in Sources */ = {isa = PBXBuildFile; fileRef = AB355109265E6B9000550751 /* AlphabetListItemView.swift */; };
		AB355112265E6BC100550751 /* CoverImageView.swift in Sources */ = {isa = PBXBuildFile; fileRef = AB355111265E6BC100550751 /* CoverImageView.swift */; };
		AB355116265E6BDA00550751 /* CreditsView.swift in Sources */ = {isa = PBXBuildFile; fileRef = AB355115265E6BDA00550751 /* CreditsView.swift */; };
		AB35511A265E6BFB00550751 /* AlphabetModel.swift in Sources */ = {isa = PBXBuildFile; fileRef = AB355119265E6BFB00550751 /* AlphabetModel.swift */; };
		AB35511E265E6C1F00550751 /* VowelModel.swift in Sources */ = {isa = PBXBuildFile; fileRef = AB35511D265E6C1F00550751 /* VowelModel.swift */; };
		AB355122265E6C5200550751 /* CodableBundleExtension.swift in Sources */ = {isa = PBXBuildFile; fileRef = AB355121265E6C5200550751 /* CodableBundleExtension.swift */; };
		AB35512B265E6CDF00550751 /* VowelListItemView.swift in Sources */ = {isa = PBXBuildFile; fileRef = AB35512A265E6CDF00550751 /* VowelListItemView.swift */; };
		AB35518E265F878B00550751 /* sound-incorrect.mp3 in Resources */ = {isa = PBXBuildFile; fileRef = AB35518B265F878B00550751 /* sound-incorrect.mp3 */; };
		AB35518F265F878B00550751 /* sound-correct.mp3 in Resources */ = {isa = PBXBuildFile; fileRef = AB35518C265F878B00550751 /* sound-correct.mp3 */; };
		AB6AA5D6266782EA00A10903 /* finish.mp3 in Resources */ = {isa = PBXBuildFile; fileRef = AB6AA5D3266782E900A10903 /* finish.mp3 */; };
		AB6AA5D7266782EA00A10903 /* sound_correct.mp3 in Resources */ = {isa = PBXBuildFile; fileRef = AB6AA5D4266782E900A10903 /* sound_correct.mp3 */; };
		AB6AA5D8266782EA00A10903 /* sound_incorrect.mp3 in Resources */ = {isa = PBXBuildFile; fileRef = AB6AA5D5266782EA00A10903 /* sound_incorrect.mp3 */; };
		AB6AA5DA2667845000A10903 /* ButtonModeDarkAndLightAction.swift in Sources */ = {isa = PBXBuildFile; fileRef = AB6AA5D92667845000A10903 /* ButtonModeDarkAndLightAction.swift */; };
		AB6AA5DF266791E000A10903 /* SoundPlayer.swift in Sources */ = {isa = PBXBuildFile; fileRef = AB6AA5DE266791E000A10903 /* SoundPlayer.swift */; };
		AB6AA5E1266799EC00A10903 /* ButtonImageCard.swift in Sources */ = {isa = PBXBuildFile; fileRef = AB6AA5E0266799EC00A10903 /* ButtonImageCard.swift */; };
		AB6AA5E4266803E600A10903 /* AlphabetCardView.swift in Sources */ = {isa = PBXBuildFile; fileRef = AB6AA5E3266803E600A10903 /* AlphabetCardView.swift */; };
		AB6AA5E62668065D00A10903 /* AlphabetFlashCardView.swift in Sources */ = {isa = PBXBuildFile; fileRef = AB6AA5E52668065D00A10903 /* AlphabetFlashCardView.swift */; };
		AB6AA5EA2668D56E00A10903 /* CardInfoView.swift in Sources */ = {isa = PBXBuildFile; fileRef = AB6AA5E92668D56E00A10903 /* CardInfoView.swift */; };
		AB6AA60B26690A9E00A10903 /* sara_16.mp3 in Resources */ = {isa = PBXBuildFile; fileRef = AB6AA5EB26690A9800A10903 /* sara_16.mp3 */; };
		AB6AA60C26690A9E00A10903 /* sara_07.mp3 in Resources */ = {isa = PBXBuildFile; fileRef = AB6AA5EC26690A9900A10903 /* sara_07.mp3 */; };
		AB6AA60D26690A9E00A10903 /* sara_21.mp3 in Resources */ = {isa = PBXBuildFile; fileRef = AB6AA5ED26690A9900A10903 /* sara_21.mp3 */; };
		AB6AA60E26690A9E00A10903 /* sara_12.mp3 in Resources */ = {isa = PBXBuildFile; fileRef = AB6AA5EE26690A9900A10903 /* sara_12.mp3 */; };
		AB6AA60F26690A9E00A10903 /* sara_25.mp3 in Resources */ = {isa = PBXBuildFile; fileRef = AB6AA5EF26690A9900A10903 /* sara_25.mp3 */; };
		AB6AA61026690A9E00A10903 /* sara_18.mp3 in Resources */ = {isa = PBXBuildFile; fileRef = AB6AA5F026690A9900A10903 /* sara_18.mp3 */; };
		AB6AA61126690A9E00A10903 /* sara_17.mp3 in Resources */ = {isa = PBXBuildFile; fileRef = AB6AA5F126690A9900A10903 /* sara_17.mp3 */; };
		AB6AA61226690A9E00A10903 /* sara_27.mp3 in Resources */ = {isa = PBXBuildFile; fileRef = AB6AA5F226690A9A00A10903 /* sara_27.mp3 */; };
		AB6AA61326690A9E00A10903 /* sara_29.mp3 in Resources */ = {isa = PBXBuildFile; fileRef = AB6AA5F326690A9A00A10903 /* sara_29.mp3 */; };
		AB6AA61426690A9E00A10903 /* sara_23.mp3 in Resources */ = {isa = PBXBuildFile; fileRef = AB6AA5F426690A9A00A10903 /* sara_23.mp3 */; };
		AB6AA61526690A9E00A10903 /* sara_28.mp3 in Resources */ = {isa = PBXBuildFile; fileRef = AB6AA5F526690A9A00A10903 /* sara_28.mp3 */; };
		AB6AA61626690A9E00A10903 /* sara_26.mp3 in Resources */ = {isa = PBXBuildFile; fileRef = AB6AA5F626690A9A00A10903 /* sara_26.mp3 */; };
		AB6AA61726690A9E00A10903 /* sara_30.mp3 in Resources */ = {isa = PBXBuildFile; fileRef = AB6AA5F726690A9A00A10903 /* sara_30.mp3 */; };
		AB6AA61826690A9E00A10903 /* sara_03.mp3 in Resources */ = {isa = PBXBuildFile; fileRef = AB6AA5F826690A9B00A10903 /* sara_03.mp3 */; };
		AB6AA61926690A9E00A10903 /* sara_09.mp3 in Resources */ = {isa = PBXBuildFile; fileRef = AB6AA5F926690A9B00A10903 /* sara_09.mp3 */; };
		AB6AA61A26690A9E00A10903 /* sara_06.mp3 in Resources */ = {isa = PBXBuildFile; fileRef = AB6AA5FA26690A9B00A10903 /* sara_06.mp3 */; };
		AB6AA61B26690A9E00A10903 /* sara_22.mp3 in Resources */ = {isa = PBXBuildFile; fileRef = AB6AA5FB26690A9B00A10903 /* sara_22.mp3 */; };
		AB6AA61C26690A9E00A10903 /* sara_14.mp3 in Resources */ = {isa = PBXBuildFile; fileRef = AB6AA5FC26690A9C00A10903 /* sara_14.mp3 */; };
		AB6AA61D26690A9E00A10903 /* sara_31.mp3 in Resources */ = {isa = PBXBuildFile; fileRef = AB6AA5FD26690A9C00A10903 /* sara_31.mp3 */; };
		AB6AA61E26690A9E00A10903 /* sara_15.mp3 in Resources */ = {isa = PBXBuildFile; fileRef = AB6AA5FE26690A9C00A10903 /* sara_15.mp3 */; };
		AB6AA61F26690A9E00A10903 /* sara_11.mp3 in Resources */ = {isa = PBXBuildFile; fileRef = AB6AA5FF26690A9C00A10903 /* sara_11.mp3 */; };
		AB6AA62026690A9E00A10903 /* sara_04.mp3 in Resources */ = {isa = PBXBuildFile; fileRef = AB6AA60026690A9C00A10903 /* sara_04.mp3 */; };
		AB6AA62126690A9E00A10903 /* sara_20.mp3 in Resources */ = {isa = PBXBuildFile; fileRef = AB6AA60126690A9C00A10903 /* sara_20.mp3 */; };
		AB6AA62226690A9E00A10903 /* sara_13.mp3 in Resources */ = {isa = PBXBuildFile; fileRef = AB6AA60226690A9D00A10903 /* sara_13.mp3 */; };
		AB6AA62326690A9E00A10903 /* sara_08.mp3 in Resources */ = {isa = PBXBuildFile; fileRef = AB6AA60326690A9D00A10903 /* sara_08.mp3 */; };
		AB6AA62426690A9E00A10903 /* sara_02.mp3 in Resources */ = {isa = PBXBuildFile; fileRef = AB6AA60426690A9D00A10903 /* sara_02.mp3 */; };
		AB6AA62526690A9E00A10903 /* sara_05.mp3 in Resources */ = {isa = PBXBuildFile; fileRef = AB6AA60526690A9D00A10903 /* sara_05.mp3 */; };
		AB6AA62626690A9E00A10903 /* sara_24.mp3 in Resources */ = {isa = PBXBuildFile; fileRef = AB6AA60626690A9D00A10903 /* sara_24.mp3 */; };
		AB6AA62726690A9E00A10903 /* sara_32.mp3 in Resources */ = {isa = PBXBuildFile; fileRef = AB6AA60726690A9D00A10903 /* sara_32.mp3 */; };
		AB6AA62826690A9E00A10903 /* sara_19.mp3 in Resources */ = {isa = PBXBuildFile; fileRef = AB6AA60826690A9E00A10903 /* sara_19.mp3 */; };
		AB6AA62926690A9E00A10903 /* sara_10.mp3 in Resources */ = {isa = PBXBuildFile; fileRef = AB6AA60926690A9E00A10903 /* sara_10.mp3 */; };
		AB6AA62A26690A9E00A10903 /* sara_01.mp3 in Resources */ = {isa = PBXBuildFile; fileRef = AB6AA60A26690A9E00A10903 /* sara_01.mp3 */; };
		AB6AA65726690AB500A10903 /* sound_36.mp3 in Resources */ = {isa = PBXBuildFile; fileRef = AB6AA62B26690AAD00A10903 /* sound_36.mp3 */; };
		AB6AA65826690AB500A10903 /* sound_38.mp3 in Resources */ = {isa = PBXBuildFile; fileRef = AB6AA62C26690AAD00A10903 /* sound_38.mp3 */; };
		AB6AA65926690AB500A10903 /* sound_09.mp3 in Resources */ = {isa = PBXBuildFile; fileRef = AB6AA62D26690AAD00A10903 /* sound_09.mp3 */; };
		AB6AA65A26690AB500A10903 /* sound_33.mp3 in Resources */ = {isa = PBXBuildFile; fileRef = AB6AA62E26690AAD00A10903 /* sound_33.mp3 */; };
		AB6AA65B26690AB500A10903 /* sound_39.mp3 in Resources */ = {isa = PBXBuildFile; fileRef = AB6AA62F26690AAE00A10903 /* sound_39.mp3 */; };
		AB6AA65C26690AB500A10903 /* sound_41.mp3 in Resources */ = {isa = PBXBuildFile; fileRef = AB6AA63026690AAE00A10903 /* sound_41.mp3 */; };
		AB6AA65D26690AB500A10903 /* sound_04.mp3 in Resources */ = {isa = PBXBuildFile; fileRef = AB6AA63126690AAE00A10903 /* sound_04.mp3 */; };
		AB6AA65E26690AB500A10903 /* sound_15.mp3 in Resources */ = {isa = PBXBuildFile; fileRef = AB6AA63226690AAE00A10903 /* sound_15.mp3 */; };
		AB6AA65F26690AB500A10903 /* sound_02.mp3 in Resources */ = {isa = PBXBuildFile; fileRef = AB6AA63326690AAE00A10903 /* sound_02.mp3 */; };
		AB6AA66026690AB500A10903 /* sound_23.mp3 in Resources */ = {isa = PBXBuildFile; fileRef = AB6AA63426690AAE00A10903 /* sound_23.mp3 */; };
		AB6AA66126690AB500A10903 /* sound_08.mp3 in Resources */ = {isa = PBXBuildFile; fileRef = AB6AA63526690AAF00A10903 /* sound_08.mp3 */; };
		AB6AA66226690AB500A10903 /* sound_14.mp3 in Resources */ = {isa = PBXBuildFile; fileRef = AB6AA63626690AAF00A10903 /* sound_14.mp3 */; };
		AB6AA66326690AB500A10903 /* sound_01.mp3 in Resources */ = {isa = PBXBuildFile; fileRef = AB6AA63726690AAF00A10903 /* sound_01.mp3 */; };
		AB6AA66426690AB500A10903 /* sound_11.mp3 in Resources */ = {isa = PBXBuildFile; fileRef = AB6AA63826690AAF00A10903 /* sound_11.mp3 */; };
		AB6AA66526690AB500A10903 /* sound_03.mp3 in Resources */ = {isa = PBXBuildFile; fileRef = AB6AA63926690AAF00A10903 /* sound_03.mp3 */; };
		AB6AA66626690AB500A10903 /* sound_06.mp3 in Resources */ = {isa = PBXBuildFile; fileRef = AB6AA63A26690AAF00A10903 /* sound_06.mp3 */; };
		AB6AA66726690AB500A10903 /* sound_35.mp3 in Resources */ = {isa = PBXBuildFile; fileRef = AB6AA63B26690AB000A10903 /* sound_35.mp3 */; };
		AB6AA66826690AB500A10903 /* sound_37.mp3 in Resources */ = {isa = PBXBuildFile; fileRef = AB6AA63C26690AB000A10903 /* sound_37.mp3 */; };
		AB6AA66926690AB500A10903 /* sound_20.mp3 in Resources */ = {isa = PBXBuildFile; fileRef = AB6AA63D26690AB000A10903 /* sound_20.mp3 */; };
		AB6AA66A26690AB500A10903 /* sound_07.mp3 in Resources */ = {isa = PBXBuildFile; fileRef = AB6AA63E26690AB000A10903 /* sound_07.mp3 */; };
		AB6AA66B26690AB500A10903 /* sound_26.mp3 in Resources */ = {isa = PBXBuildFile; fileRef = AB6AA63F26690AB000A10903 /* sound_26.mp3 */; };
		AB6AA66C26690AB500A10903 /* sound_32.mp3 in Resources */ = {isa = PBXBuildFile; fileRef = AB6AA64026690AB100A10903 /* sound_32.mp3 */; };
		AB6AA66D26690AB500A10903 /* sound_24.mp3 in Resources */ = {isa = PBXBuildFile; fileRef = AB6AA64126690AB100A10903 /* sound_24.mp3 */; };
		AB6AA66E26690AB500A10903 /* sound_16.mp3 in Resources */ = {isa = PBXBuildFile; fileRef = AB6AA64226690AB100A10903 /* sound_16.mp3 */; };
		AB6AA66F26690AB500A10903 /* sound_27.mp3 in Resources */ = {isa = PBXBuildFile; fileRef = AB6AA64326690AB100A10903 /* sound_27.mp3 */; };
		AB6AA67026690AB500A10903 /* sound_05.mp3 in Resources */ = {isa = PBXBuildFile; fileRef = AB6AA64426690AB100A10903 /* sound_05.mp3 */; };
		AB6AA67126690AB500A10903 /* sound_22.mp3 in Resources */ = {isa = PBXBuildFile; fileRef = AB6AA64526690AB200A10903 /* sound_22.mp3 */; };
		AB6AA67226690AB500A10903 /* sound_29.mp3 in Resources */ = {isa = PBXBuildFile; fileRef = AB6AA64626690AB200A10903 /* sound_29.mp3 */; };
		AB6AA67326690AB500A10903 /* sound_18.mp3 in Resources */ = {isa = PBXBuildFile; fileRef = AB6AA64726690AB200A10903 /* sound_18.mp3 */; };
		AB6AA67426690AB500A10903 /* sound_44.mp3 in Resources */ = {isa = PBXBuildFile; fileRef = AB6AA64826690AB200A10903 /* sound_44.mp3 */; };
		AB6AA67526690AB500A10903 /* sound_10.mp3 in Resources */ = {isa = PBXBuildFile; fileRef = AB6AA64926690AB200A10903 /* sound_10.mp3 */; };
		AB6AA67626690AB500A10903 /* sound_40.mp3 in Resources */ = {isa = PBXBuildFile; fileRef = AB6AA64A26690AB200A10903 /* sound_40.mp3 */; };
		AB6AA67726690AB500A10903 /* sound_12.mp3 in Resources */ = {isa = PBXBuildFile; fileRef = AB6AA64B26690AB300A10903 /* sound_12.mp3 */; };
		AB6AA67826690AB500A10903 /* sound_21.mp3 in Resources */ = {isa = PBXBuildFile; fileRef = AB6AA64C26690AB300A10903 /* sound_21.mp3 */; };
		AB6AA67926690AB500A10903 /* sound_19.mp3 in Resources */ = {isa = PBXBuildFile; fileRef = AB6AA64D26690AB300A10903 /* sound_19.mp3 */; };
		AB6AA67A26690AB500A10903 /* sound_25.mp3 in Resources */ = {isa = PBXBuildFile; fileRef = AB6AA64E26690AB300A10903 /* sound_25.mp3 */; };
		AB6AA67B26690AB500A10903 /* sound_30.mp3 in Resources */ = {isa = PBXBuildFile; fileRef = AB6AA64F26690AB300A10903 /* sound_30.mp3 */; };
		AB6AA67C26690AB500A10903 /* sound_13.mp3 in Resources */ = {isa = PBXBuildFile; fileRef = AB6AA65026690AB300A10903 /* sound_13.mp3 */; };
		AB6AA67D26690AB500A10903 /* sound_31.mp3 in Resources */ = {isa = PBXBuildFile; fileRef = AB6AA65126690AB400A10903 /* sound_31.mp3 */; };
		AB6AA67E26690AB500A10903 /* sound_34.mp3 in Resources */ = {isa = PBXBuildFile; fileRef = AB6AA65226690AB400A10903 /* sound_34.mp3 */; };
		AB6AA67F26690AB500A10903 /* sound_17.mp3 in Resources */ = {isa = PBXBuildFile; fileRef = AB6AA65326690AB400A10903 /* sound_17.mp3 */; };
		AB6AA68026690AB500A10903 /* sound_28.mp3 in Resources */ = {isa = PBXBuildFile; fileRef = AB6AA65426690AB400A10903 /* sound_28.mp3 */; };
		AB6AA68126690AB500A10903 /* sound_42.mp3 in Resources */ = {isa = PBXBuildFile; fileRef = AB6AA65526690AB400A10903 /* sound_42.mp3 */; };
		AB6AA68226690AB500A10903 /* sound_43.mp3 in Resources */ = {isa = PBXBuildFile; fileRef = AB6AA65626690AB500A10903 /* sound_43.mp3 */; };
		AB6B86852673618A00A39723 /* SentenceListView.swift in Sources */ = {isa = PBXBuildFile; fileRef = AB6B86842673618A00A39723 /* SentenceListView.swift */; };
		AB919AA02669105B008282C6 /* VowelCardView.swift in Sources */ = {isa = PBXBuildFile; fileRef = AB919A9F2669105B008282C6 /* VowelCardView.swift */; };
		AB919AA22669106F008282C6 /* VowelFlashCardView.swift in Sources */ = {isa = PBXBuildFile; fileRef = AB919AA12669106F008282C6 /* VowelFlashCardView.swift */; };
		AB919AA8266A02A0008282C6 /* QuizView.swift in Sources */ = {isa = PBXBuildFile; fileRef = AB919AA7266A02A0008282C6 /* QuizView.swift */; };
		AB919AAB266A0463008282C6 /* HomeMenuView.swift in Sources */ = {isa = PBXBuildFile; fileRef = AB919AAA266A0463008282C6 /* HomeMenuView.swift */; };
		AB919AAF266A35CD008282C6 /* TextModifier.swift in Sources */ = {isa = PBXBuildFile; fileRef = AB919AAE266A35CD008282C6 /* TextModifier.swift */; };
		AB919AB1266A3835008282C6 /* QuizModifiers.swift in Sources */ = {isa = PBXBuildFile; fileRef = AB919AB0266A3835008282C6 /* QuizModifiers.swift */; };
		AB919AB3266A57CC008282C6 /* QuizMenuView.swift in Sources */ = {isa = PBXBuildFile; fileRef = AB919AB2266A57CB008282C6 /* QuizMenuView.swift */; };
		AB919C432664CAE000B8372C /* NewWordView.swift in Sources */ = {isa = PBXBuildFile; fileRef = AB919C422664CAE000B8372C /* NewWordView.swift */; };
		AB919C452664CBFF00B8372C /* WordFormView.swift in Sources */ = {isa = PBXBuildFile; fileRef = AB919C442664CBFF00B8372C /* WordFormView.swift */; };
		AB919CB62664EE2200B8372C /* SheetTypingView.swift in Sources */ = {isa = PBXBuildFile; fileRef = AB919CB52664EE2200B8372C /* SheetTypingView.swift */; };
		AB919CBA2664F15400B8372C /* HeroHeaderView.swift in Sources */ = {isa = PBXBuildFile; fileRef = AB919CB92664F15400B8372C /* HeroHeaderView.swift */; };
		AB919CBD2664FC1200B8372C /* TextEng.swift in Sources */ = {isa = PBXBuildFile; fileRef = AB919CBC2664FC1100B8372C /* TextEng.swift */; };
		AB919CBF2665009200B8372C /* Constants.swift in Sources */ = {isa = PBXBuildFile; fileRef = AB919CBE2665009200B8372C /* Constants.swift */; };
		AB919CC626650A9E00B8372C /* ButtonImageAction.swift in Sources */ = {isa = PBXBuildFile; fileRef = AB919CC526650A9E00B8372C /* ButtonImageAction.swift */; };
		AB919CC8266512C000B8372C /* CustomTabSelectionView.swift in Sources */ = {isa = PBXBuildFile; fileRef = AB919CC7266512BF00B8372C /* CustomTabSelectionView.swift */; };
		AB919CCC2665192000B8372C /* TextThai.swift in Sources */ = {isa = PBXBuildFile; fileRef = AB919CCB2665192000B8372C /* TextThai.swift */; };
		AB919CCE266574FE00B8372C /* BackgroundImageView.swift in Sources */ = {isa = PBXBuildFile; fileRef = AB919CCD266574FE00B8372C /* BackgroundImageView.swift */; };
		AB919CD026657B4B00B8372C /* BlankView.swift in Sources */ = {isa = PBXBuildFile; fileRef = AB919CCF26657B4B00B8372C /* BlankView.swift */; };
		AB919CD22665884200B8372C /* TypingVM.swift in Sources */ = {isa = PBXBuildFile; fileRef = AB919CD12665884200B8372C /* TypingVM.swift */; };
		AB919CD42666163400B8372C /* ButtonIconAction.swift in Sources */ = {isa = PBXBuildFile; fileRef = AB919CD32666163400B8372C /* ButtonIconAction.swift */; };
		AB919CD82666317700B8372C /* ButtonTextWithIconAction.swift in Sources */ = {isa = PBXBuildFile; fileRef = AB919CD72666317700B8372C /* ButtonTextWithIconAction.swift */; };
		AB919CDA2666352500B8372C /* SpellingImagesListView.swift in Sources */ = {isa = PBXBuildFile; fileRef = AB919CD92666352500B8372C /* SpellingImagesListView.swift */; };
		AB919CDC266767BA00B8372C /* ImagePicker.swift in Sources */ = {isa = PBXBuildFile; fileRef = AB919CDB266767BA00B8372C /* ImagePicker.swift */; };
		AB919CE0266768A100B8372C /* FirebaseReference.swift in Sources */ = {isa = PBXBuildFile; fileRef = AB919CDE266768A100B8372C /* FirebaseReference.swift */; };
		AB919CE1266768A100B8372C /* FileStorage.swift in Sources */ = {isa = PBXBuildFile; fileRef = AB919CDF266768A100B8372C /* FileStorage.swift */; };
		AB919CE32667694E00B8372C /* Extenstions.swift in Sources */ = {isa = PBXBuildFile; fileRef = AB919CE22667694E00B8372C /* Extenstions.swift */; };
		AB919CE526676B7900B8372C /* UploadImageView.swift in Sources */ = {isa = PBXBuildFile; fileRef = AB919CE426676B7900B8372C /* UploadImageView.swift */; };
		AB919E8A26786D1300DA9D58 /* SomeThingWentWrongView.swift in Sources */ = {isa = PBXBuildFile; fileRef = AB919E8926786D1300DA9D58 /* SomeThingWentWrongView.swift */; };
		AB919E8C2678CBE500DA9D58 /* SentenceCardView.swift in Sources */ = {isa = PBXBuildFile; fileRef = AB919E8B2678CBE500DA9D58 /* SentenceCardView.swift */; };
		AB919E8E2679257500DA9D58 /* SentenceAutoRead.swift in Sources */ = {isa = PBXBuildFile; fileRef = AB919E8D2679257500DA9D58 /* SentenceAutoRead.swift */; };
		AB919E902679FED200DA9D58 /* ChapterNewWordsView.swift in Sources */ = {isa = PBXBuildFile; fileRef = AB919E8F2679FED200DA9D58 /* ChapterNewWordsView.swift */; };
		AB919EF2267B42B200DA9D58 /* ContentView.swift in Sources */ = {isa = PBXBuildFile; fileRef = AB919EF1267B42B200DA9D58 /* ContentView.swift */; };
		AB919EF7267B443A00DA9D58 /* TabBarButton.swift in Sources */ = {isa = PBXBuildFile; fileRef = AB919EF6267B443A00DA9D58 /* TabBarButton.swift */; };
		AB919EF9267B446700DA9D58 /* InsideTabBarItems.swift in Sources */ = {isa = PBXBuildFile; fileRef = AB919EF8267B446700DA9D58 /* InsideTabBarItems.swift */; };
		AB919EFB267B7CCE00DA9D58 /* CommonModifier.swift in Sources */ = {isa = PBXBuildFile; fileRef = AB919EFA267B7CCD00DA9D58 /* CommonModifier.swift */; };
		AB919EFD267BAF0300DA9D58 /* CircleIconView.swift in Sources */ = {isa = PBXBuildFile; fileRef = AB919EFC267BAF0300DA9D58 /* CircleIconView.swift */; };
		AB91DDF1265D95D200ADD5C4 /* KokaiByWGOApp.swift in Sources */ = {isa = PBXBuildFile; fileRef = AB91DDF0265D95D200ADD5C4 /* KokaiByWGOApp.swift */; };
		AB91DDF5265D95D700ADD5C4 /* Assets.xcassets in Resources */ = {isa = PBXBuildFile; fileRef = AB91DDF4265D95D700ADD5C4 /* Assets.xcassets */; };
		AB91DDF8265D95D700ADD5C4 /* Preview Assets.xcassets in Resources */ = {isa = PBXBuildFile; fileRef = AB91DDF7265D95D700ADD5C4 /* Preview Assets.xcassets */; };
		AB9D2DCE266DFFB400FDFA28 /* QuizVM.swift in Sources */ = {isa = PBXBuildFile; fileRef = AB9D2DCD266DFFB400FDFA28 /* QuizVM.swift */; };
		AB9D2DD0266E291F00FDFA28 /* QuizResultView.swift in Sources */ = {isa = PBXBuildFile; fileRef = AB9D2DCF266E291F00FDFA28 /* QuizResultView.swift */; };
		AB9D2DD3266EAE5900FDFA28 /* LevelVM.swift in Sources */ = {isa = PBXBuildFile; fileRef = AB9D2DD2266EAE5900FDFA28 /* LevelVM.swift */; };
		AB9D2DD5266EAF2500FDFA28 /* SawasdeeModel.swift in Sources */ = {isa = PBXBuildFile; fileRef = AB9D2DD4266EAF2500FDFA28 /* SawasdeeModel.swift */; };
		AB9D2DD7266F6DB900FDFA28 /* ChapterVM.swift in Sources */ = {isa = PBXBuildFile; fileRef = AB9D2DD6266F6DB900FDFA28 /* ChapterVM.swift */; };
		AB9D2DD9266F6EFF00FDFA28 /* SectionVM.swift in Sources */ = {isa = PBXBuildFile; fileRef = AB9D2DD8266F6EFF00FDFA28 /* SectionVM.swift */; };
		AB9D2DDB266F708600FDFA28 /* SentenceVM.swift in Sources */ = {isa = PBXBuildFile; fileRef = AB9D2DDA266F708600FDFA28 /* SentenceVM.swift */; };
		AB9D2DDD266F7BCC00FDFA28 /* LevelView.swift in Sources */ = {isa = PBXBuildFile; fileRef = AB9D2DDC266F7BCC00FDFA28 /* LevelView.swift */; };
		AB9D2DDF266F87C300FDFA28 /* GoogleService-Info.plist in Resources */ = {isa = PBXBuildFile; fileRef = AB9D2DDE266F87C300FDFA28 /* GoogleService-Info.plist */; };
		ABA201942680D26B00903BAB /* TextExtenstion.swift in Sources */ = {isa = PBXBuildFile; fileRef = ABA201932680D26B00903BAB /* TextExtenstion.swift */; };
		ABA201962680D28D00903BAB /* ViewExtension.swift in Sources */ = {isa = PBXBuildFile; fileRef = ABA201952680D28D00903BAB /* ViewExtension.swift */; };
		ABA47C2F2673F6A9003D05D5 /* SpeechService.swift in Sources */ = {isa = PBXBuildFile; fileRef = ABA47C2E2673F6A9003D05D5 /* SpeechService.swift */; };
		ABC1D1F22660F37500E4061D /* HeaderView.swift in Sources */ = {isa = PBXBuildFile; fileRef = ABC1D1F12660F37500E4061D /* HeaderView.swift */; };
/* End PBXBuildFile section */

/* Begin PBXFileReference section */
		2D85BF93751BF65A3AFDE1C7 /* Pods_KokaiByWGO.framework */ = {isa = PBXFileReference; explicitFileType = wrapper.framework; includeInIndex = 0; path = Pods_KokaiByWGO.framework; sourceTree = BUILT_PRODUCTS_DIR; };
		AB3550B7265E5BC200550751 /* Alphabets.json */ = {isa = PBXFileReference; fileEncoding = 4; lastKnownFileType = text.json; name = Alphabets.json; path = "../../../../../Downloads/Saved File/Alphabets.json"; sourceTree = "<group>"; };
		AB3550B8265E5BC200550751 /* Vowels.json */ = {isa = PBXFileReference; fileEncoding = 4; lastKnownFileType = text.json; name = Vowels.json; path = "../../../../../Downloads/Saved File/Vowels.json"; sourceTree = "<group>"; };
		AB3550EA265E6A4800550751 /* VowelView.swift */ = {isa = PBXFileReference; lastKnownFileType = sourcecode.swift; path = VowelView.swift; sourceTree = "<group>"; };
		AB3550EE265E6A7D00550751 /* AlphabetView.swift */ = {isa = PBXFileReference; lastKnownFileType = sourcecode.swift; path = AlphabetView.swift; sourceTree = "<group>"; };
		AB3550F1265E6AA400550751 /* VowelClassView.swift */ = {isa = PBXFileReference; lastKnownFileType = sourcecode.swift; path = VowelClassView.swift; sourceTree = "<group>"; };
		AB3550F9265E6B0100550751 /* VowelGridItemView.swift */ = {isa = PBXFileReference; lastKnownFileType = sourcecode.swift; path = VowelGridItemView.swift; sourceTree = "<group>"; };
		AB3550FD265E6B3300550751 /* AlphabetClassView.swift */ = {isa = PBXFileReference; lastKnownFileType = sourcecode.swift; path = AlphabetClassView.swift; sourceTree = "<group>"; };
		AB355101265E6B5800550751 /* AlphabetDetailView.swift */ = {isa = PBXFileReference; lastKnownFileType = sourcecode.swift; path = AlphabetDetailView.swift; sourceTree = "<group>"; };
		AB355105265E6B7700550751 /* AlphabetGridItemView.swift */ = {isa = PBXFileReference; lastKnownFileType = sourcecode.swift; path = AlphabetGridItemView.swift; sourceTree = "<group>"; };
		AB355109265E6B9000550751 /* AlphabetListItemView.swift */ = {isa = PBXFileReference; lastKnownFileType = sourcecode.swift; path = AlphabetListItemView.swift; sourceTree = "<group>"; };
		AB355111265E6BC100550751 /* CoverImageView.swift */ = {isa = PBXFileReference; lastKnownFileType = sourcecode.swift; path = CoverImageView.swift; sourceTree = "<group>"; };
		AB355115265E6BDA00550751 /* CreditsView.swift */ = {isa = PBXFileReference; lastKnownFileType = sourcecode.swift; path = CreditsView.swift; sourceTree = "<group>"; };
		AB355119265E6BFB00550751 /* AlphabetModel.swift */ = {isa = PBXFileReference; lastKnownFileType = sourcecode.swift; path = AlphabetModel.swift; sourceTree = "<group>"; };
		AB35511D265E6C1F00550751 /* VowelModel.swift */ = {isa = PBXFileReference; lastKnownFileType = sourcecode.swift; path = VowelModel.swift; sourceTree = "<group>"; };
		AB355121265E6C5200550751 /* CodableBundleExtension.swift */ = {isa = PBXFileReference; lastKnownFileType = sourcecode.swift; path = CodableBundleExtension.swift; sourceTree = "<group>"; };
		AB35512A265E6CDF00550751 /* VowelListItemView.swift */ = {isa = PBXFileReference; lastKnownFileType = sourcecode.swift; path = VowelListItemView.swift; sourceTree = "<group>"; };
		AB35518B265F878B00550751 /* sound-incorrect.mp3 */ = {isa = PBXFileReference; lastKnownFileType = audio.mp3; path = "sound-incorrect.mp3"; sourceTree = "<group>"; };
		AB35518C265F878B00550751 /* sound-correct.mp3 */ = {isa = PBXFileReference; lastKnownFileType = audio.mp3; path = "sound-correct.mp3"; sourceTree = "<group>"; };
		AB6AA5D3266782E900A10903 /* finish.mp3 */ = {isa = PBXFileReference; lastKnownFileType = audio.mp3; path = finish.mp3; sourceTree = "<group>"; };
		AB6AA5D4266782E900A10903 /* sound_correct.mp3 */ = {isa = PBXFileReference; lastKnownFileType = audio.mp3; path = sound_correct.mp3; sourceTree = "<group>"; };
		AB6AA5D5266782EA00A10903 /* sound_incorrect.mp3 */ = {isa = PBXFileReference; lastKnownFileType = audio.mp3; path = sound_incorrect.mp3; sourceTree = "<group>"; };
		AB6AA5D92667845000A10903 /* ButtonModeDarkAndLightAction.swift */ = {isa = PBXFileReference; lastKnownFileType = sourcecode.swift; path = ButtonModeDarkAndLightAction.swift; sourceTree = "<group>"; };
		AB6AA5DE266791E000A10903 /* SoundPlayer.swift */ = {isa = PBXFileReference; fileEncoding = 4; lastKnownFileType = sourcecode.swift; path = SoundPlayer.swift; sourceTree = "<group>"; };
		AB6AA5E0266799EC00A10903 /* ButtonImageCard.swift */ = {isa = PBXFileReference; lastKnownFileType = sourcecode.swift; path = ButtonImageCard.swift; sourceTree = "<group>"; };
		AB6AA5E3266803E600A10903 /* AlphabetCardView.swift */ = {isa = PBXFileReference; lastKnownFileType = sourcecode.swift; path = AlphabetCardView.swift; sourceTree = "<group>"; };
		AB6AA5E52668065D00A10903 /* AlphabetFlashCardView.swift */ = {isa = PBXFileReference; lastKnownFileType = sourcecode.swift; path = AlphabetFlashCardView.swift; sourceTree = "<group>"; };
		AB6AA5E92668D56E00A10903 /* CardInfoView.swift */ = {isa = PBXFileReference; lastKnownFileType = sourcecode.swift; path = CardInfoView.swift; sourceTree = "<group>"; };
		AB6AA5EB26690A9800A10903 /* sara_16.mp3 */ = {isa = PBXFileReference; lastKnownFileType = audio.mp3; path = sara_16.mp3; sourceTree = "<group>"; };
		AB6AA5EC26690A9900A10903 /* sara_07.mp3 */ = {isa = PBXFileReference; lastKnownFileType = audio.mp3; path = sara_07.mp3; sourceTree = "<group>"; };
		AB6AA5ED26690A9900A10903 /* sara_21.mp3 */ = {isa = PBXFileReference; lastKnownFileType = audio.mp3; path = sara_21.mp3; sourceTree = "<group>"; };
		AB6AA5EE26690A9900A10903 /* sara_12.mp3 */ = {isa = PBXFileReference; lastKnownFileType = audio.mp3; path = sara_12.mp3; sourceTree = "<group>"; };
		AB6AA5EF26690A9900A10903 /* sara_25.mp3 */ = {isa = PBXFileReference; lastKnownFileType = audio.mp3; path = sara_25.mp3; sourceTree = "<group>"; };
		AB6AA5F026690A9900A10903 /* sara_18.mp3 */ = {isa = PBXFileReference; lastKnownFileType = audio.mp3; path = sara_18.mp3; sourceTree = "<group>"; };
		AB6AA5F126690A9900A10903 /* sara_17.mp3 */ = {isa = PBXFileReference; lastKnownFileType = audio.mp3; path = sara_17.mp3; sourceTree = "<group>"; };
		AB6AA5F226690A9A00A10903 /* sara_27.mp3 */ = {isa = PBXFileReference; lastKnownFileType = audio.mp3; path = sara_27.mp3; sourceTree = "<group>"; };
		AB6AA5F326690A9A00A10903 /* sara_29.mp3 */ = {isa = PBXFileReference; lastKnownFileType = audio.mp3; path = sara_29.mp3; sourceTree = "<group>"; };
		AB6AA5F426690A9A00A10903 /* sara_23.mp3 */ = {isa = PBXFileReference; lastKnownFileType = audio.mp3; path = sara_23.mp3; sourceTree = "<group>"; };
		AB6AA5F526690A9A00A10903 /* sara_28.mp3 */ = {isa = PBXFileReference; lastKnownFileType = audio.mp3; path = sara_28.mp3; sourceTree = "<group>"; };
		AB6AA5F626690A9A00A10903 /* sara_26.mp3 */ = {isa = PBXFileReference; lastKnownFileType = audio.mp3; path = sara_26.mp3; sourceTree = "<group>"; };
		AB6AA5F726690A9A00A10903 /* sara_30.mp3 */ = {isa = PBXFileReference; lastKnownFileType = audio.mp3; path = sara_30.mp3; sourceTree = "<group>"; };
		AB6AA5F826690A9B00A10903 /* sara_03.mp3 */ = {isa = PBXFileReference; lastKnownFileType = audio.mp3; path = sara_03.mp3; sourceTree = "<group>"; };
		AB6AA5F926690A9B00A10903 /* sara_09.mp3 */ = {isa = PBXFileReference; lastKnownFileType = audio.mp3; path = sara_09.mp3; sourceTree = "<group>"; };
		AB6AA5FA26690A9B00A10903 /* sara_06.mp3 */ = {isa = PBXFileReference; lastKnownFileType = audio.mp3; path = sara_06.mp3; sourceTree = "<group>"; };
		AB6AA5FB26690A9B00A10903 /* sara_22.mp3 */ = {isa = PBXFileReference; lastKnownFileType = audio.mp3; path = sara_22.mp3; sourceTree = "<group>"; };
		AB6AA5FC26690A9C00A10903 /* sara_14.mp3 */ = {isa = PBXFileReference; lastKnownFileType = audio.mp3; path = sara_14.mp3; sourceTree = "<group>"; };
		AB6AA5FD26690A9C00A10903 /* sara_31.mp3 */ = {isa = PBXFileReference; lastKnownFileType = audio.mp3; path = sara_31.mp3; sourceTree = "<group>"; };
		AB6AA5FE26690A9C00A10903 /* sara_15.mp3 */ = {isa = PBXFileReference; lastKnownFileType = audio.mp3; path = sara_15.mp3; sourceTree = "<group>"; };
		AB6AA5FF26690A9C00A10903 /* sara_11.mp3 */ = {isa = PBXFileReference; lastKnownFileType = audio.mp3; path = sara_11.mp3; sourceTree = "<group>"; };
		AB6AA60026690A9C00A10903 /* sara_04.mp3 */ = {isa = PBXFileReference; lastKnownFileType = audio.mp3; path = sara_04.mp3; sourceTree = "<group>"; };
		AB6AA60126690A9C00A10903 /* sara_20.mp3 */ = {isa = PBXFileReference; lastKnownFileType = audio.mp3; path = sara_20.mp3; sourceTree = "<group>"; };
		AB6AA60226690A9D00A10903 /* sara_13.mp3 */ = {isa = PBXFileReference; lastKnownFileType = audio.mp3; path = sara_13.mp3; sourceTree = "<group>"; };
		AB6AA60326690A9D00A10903 /* sara_08.mp3 */ = {isa = PBXFileReference; lastKnownFileType = audio.mp3; path = sara_08.mp3; sourceTree = "<group>"; };
		AB6AA60426690A9D00A10903 /* sara_02.mp3 */ = {isa = PBXFileReference; lastKnownFileType = audio.mp3; path = sara_02.mp3; sourceTree = "<group>"; };
		AB6AA60526690A9D00A10903 /* sara_05.mp3 */ = {isa = PBXFileReference; lastKnownFileType = audio.mp3; path = sara_05.mp3; sourceTree = "<group>"; };
		AB6AA60626690A9D00A10903 /* sara_24.mp3 */ = {isa = PBXFileReference; lastKnownFileType = audio.mp3; path = sara_24.mp3; sourceTree = "<group>"; };
		AB6AA60726690A9D00A10903 /* sara_32.mp3 */ = {isa = PBXFileReference; lastKnownFileType = audio.mp3; path = sara_32.mp3; sourceTree = "<group>"; };
		AB6AA60826690A9E00A10903 /* sara_19.mp3 */ = {isa = PBXFileReference; lastKnownFileType = audio.mp3; path = sara_19.mp3; sourceTree = "<group>"; };
		AB6AA60926690A9E00A10903 /* sara_10.mp3 */ = {isa = PBXFileReference; lastKnownFileType = audio.mp3; path = sara_10.mp3; sourceTree = "<group>"; };
		AB6AA60A26690A9E00A10903 /* sara_01.mp3 */ = {isa = PBXFileReference; lastKnownFileType = audio.mp3; path = sara_01.mp3; sourceTree = "<group>"; };
		AB6AA62B26690AAD00A10903 /* sound_36.mp3 */ = {isa = PBXFileReference; lastKnownFileType = audio.mp3; path = sound_36.mp3; sourceTree = "<group>"; };
		AB6AA62C26690AAD00A10903 /* sound_38.mp3 */ = {isa = PBXFileReference; lastKnownFileType = audio.mp3; path = sound_38.mp3; sourceTree = "<group>"; };
		AB6AA62D26690AAD00A10903 /* sound_09.mp3 */ = {isa = PBXFileReference; lastKnownFileType = audio.mp3; path = sound_09.mp3; sourceTree = "<group>"; };
		AB6AA62E26690AAD00A10903 /* sound_33.mp3 */ = {isa = PBXFileReference; lastKnownFileType = audio.mp3; path = sound_33.mp3; sourceTree = "<group>"; };
		AB6AA62F26690AAE00A10903 /* sound_39.mp3 */ = {isa = PBXFileReference; lastKnownFileType = audio.mp3; path = sound_39.mp3; sourceTree = "<group>"; };
		AB6AA63026690AAE00A10903 /* sound_41.mp3 */ = {isa = PBXFileReference; lastKnownFileType = audio.mp3; path = sound_41.mp3; sourceTree = "<group>"; };
		AB6AA63126690AAE00A10903 /* sound_04.mp3 */ = {isa = PBXFileReference; lastKnownFileType = audio.mp3; path = sound_04.mp3; sourceTree = "<group>"; };
		AB6AA63226690AAE00A10903 /* sound_15.mp3 */ = {isa = PBXFileReference; lastKnownFileType = audio.mp3; path = sound_15.mp3; sourceTree = "<group>"; };
		AB6AA63326690AAE00A10903 /* sound_02.mp3 */ = {isa = PBXFileReference; lastKnownFileType = audio.mp3; path = sound_02.mp3; sourceTree = "<group>"; };
		AB6AA63426690AAE00A10903 /* sound_23.mp3 */ = {isa = PBXFileReference; lastKnownFileType = audio.mp3; path = sound_23.mp3; sourceTree = "<group>"; };
		AB6AA63526690AAF00A10903 /* sound_08.mp3 */ = {isa = PBXFileReference; lastKnownFileType = audio.mp3; path = sound_08.mp3; sourceTree = "<group>"; };
		AB6AA63626690AAF00A10903 /* sound_14.mp3 */ = {isa = PBXFileReference; lastKnownFileType = audio.mp3; path = sound_14.mp3; sourceTree = "<group>"; };
		AB6AA63726690AAF00A10903 /* sound_01.mp3 */ = {isa = PBXFileReference; lastKnownFileType = audio.mp3; path = sound_01.mp3; sourceTree = "<group>"; };
		AB6AA63826690AAF00A10903 /* sound_11.mp3 */ = {isa = PBXFileReference; lastKnownFileType = audio.mp3; path = sound_11.mp3; sourceTree = "<group>"; };
		AB6AA63926690AAF00A10903 /* sound_03.mp3 */ = {isa = PBXFileReference; lastKnownFileType = audio.mp3; path = sound_03.mp3; sourceTree = "<group>"; };
		AB6AA63A26690AAF00A10903 /* sound_06.mp3 */ = {isa = PBXFileReference; lastKnownFileType = audio.mp3; path = sound_06.mp3; sourceTree = "<group>"; };
		AB6AA63B26690AB000A10903 /* sound_35.mp3 */ = {isa = PBXFileReference; lastKnownFileType = audio.mp3; path = sound_35.mp3; sourceTree = "<group>"; };
		AB6AA63C26690AB000A10903 /* sound_37.mp3 */ = {isa = PBXFileReference; lastKnownFileType = audio.mp3; path = sound_37.mp3; sourceTree = "<group>"; };
		AB6AA63D26690AB000A10903 /* sound_20.mp3 */ = {isa = PBXFileReference; lastKnownFileType = audio.mp3; path = sound_20.mp3; sourceTree = "<group>"; };
		AB6AA63E26690AB000A10903 /* sound_07.mp3 */ = {isa = PBXFileReference; lastKnownFileType = audio.mp3; path = sound_07.mp3; sourceTree = "<group>"; };
		AB6AA63F26690AB000A10903 /* sound_26.mp3 */ = {isa = PBXFileReference; lastKnownFileType = audio.mp3; path = sound_26.mp3; sourceTree = "<group>"; };
		AB6AA64026690AB100A10903 /* sound_32.mp3 */ = {isa = PBXFileReference; lastKnownFileType = audio.mp3; path = sound_32.mp3; sourceTree = "<group>"; };
		AB6AA64126690AB100A10903 /* sound_24.mp3 */ = {isa = PBXFileReference; lastKnownFileType = audio.mp3; path = sound_24.mp3; sourceTree = "<group>"; };
		AB6AA64226690AB100A10903 /* sound_16.mp3 */ = {isa = PBXFileReference; lastKnownFileType = audio.mp3; path = sound_16.mp3; sourceTree = "<group>"; };
		AB6AA64326690AB100A10903 /* sound_27.mp3 */ = {isa = PBXFileReference; lastKnownFileType = audio.mp3; path = sound_27.mp3; sourceTree = "<group>"; };
		AB6AA64426690AB100A10903 /* sound_05.mp3 */ = {isa = PBXFileReference; lastKnownFileType = audio.mp3; path = sound_05.mp3; sourceTree = "<group>"; };
		AB6AA64526690AB200A10903 /* sound_22.mp3 */ = {isa = PBXFileReference; lastKnownFileType = audio.mp3; path = sound_22.mp3; sourceTree = "<group>"; };
		AB6AA64626690AB200A10903 /* sound_29.mp3 */ = {isa = PBXFileReference; lastKnownFileType = audio.mp3; path = sound_29.mp3; sourceTree = "<group>"; };
		AB6AA64726690AB200A10903 /* sound_18.mp3 */ = {isa = PBXFileReference; lastKnownFileType = audio.mp3; path = sound_18.mp3; sourceTree = "<group>"; };
		AB6AA64826690AB200A10903 /* sound_44.mp3 */ = {isa = PBXFileReference; lastKnownFileType = audio.mp3; path = sound_44.mp3; sourceTree = "<group>"; };
		AB6AA64926690AB200A10903 /* sound_10.mp3 */ = {isa = PBXFileReference; lastKnownFileType = audio.mp3; path = sound_10.mp3; sourceTree = "<group>"; };
		AB6AA64A26690AB200A10903 /* sound_40.mp3 */ = {isa = PBXFileReference; lastKnownFileType = audio.mp3; path = sound_40.mp3; sourceTree = "<group>"; };
		AB6AA64B26690AB300A10903 /* sound_12.mp3 */ = {isa = PBXFileReference; lastKnownFileType = audio.mp3; path = sound_12.mp3; sourceTree = "<group>"; };
		AB6AA64C26690AB300A10903 /* sound_21.mp3 */ = {isa = PBXFileReference; lastKnownFileType = audio.mp3; path = sound_21.mp3; sourceTree = "<group>"; };
		AB6AA64D26690AB300A10903 /* sound_19.mp3 */ = {isa = PBXFileReference; lastKnownFileType = audio.mp3; path = sound_19.mp3; sourceTree = "<group>"; };
		AB6AA64E26690AB300A10903 /* sound_25.mp3 */ = {isa = PBXFileReference; lastKnownFileType = audio.mp3; path = sound_25.mp3; sourceTree = "<group>"; };
		AB6AA64F26690AB300A10903 /* sound_30.mp3 */ = {isa = PBXFileReference; lastKnownFileType = audio.mp3; path = sound_30.mp3; sourceTree = "<group>"; };
		AB6AA65026690AB300A10903 /* sound_13.mp3 */ = {isa = PBXFileReference; lastKnownFileType = audio.mp3; path = sound_13.mp3; sourceTree = "<group>"; };
		AB6AA65126690AB400A10903 /* sound_31.mp3 */ = {isa = PBXFileReference; lastKnownFileType = audio.mp3; path = sound_31.mp3; sourceTree = "<group>"; };
		AB6AA65226690AB400A10903 /* sound_34.mp3 */ = {isa = PBXFileReference; lastKnownFileType = audio.mp3; path = sound_34.mp3; sourceTree = "<group>"; };
		AB6AA65326690AB400A10903 /* sound_17.mp3 */ = {isa = PBXFileReference; lastKnownFileType = audio.mp3; path = sound_17.mp3; sourceTree = "<group>"; };
		AB6AA65426690AB400A10903 /* sound_28.mp3 */ = {isa = PBXFileReference; lastKnownFileType = audio.mp3; path = sound_28.mp3; sourceTree = "<group>"; };
		AB6AA65526690AB400A10903 /* sound_42.mp3 */ = {isa = PBXFileReference; lastKnownFileType = audio.mp3; path = sound_42.mp3; sourceTree = "<group>"; };
		AB6AA65626690AB500A10903 /* sound_43.mp3 */ = {isa = PBXFileReference; lastKnownFileType = audio.mp3; path = sound_43.mp3; sourceTree = "<group>"; };
		AB6B86842673618A00A39723 /* SentenceListView.swift */ = {isa = PBXFileReference; lastKnownFileType = sourcecode.swift; path = SentenceListView.swift; sourceTree = "<group>"; };
		AB919A9F2669105B008282C6 /* VowelCardView.swift */ = {isa = PBXFileReference; lastKnownFileType = sourcecode.swift; path = VowelCardView.swift; sourceTree = "<group>"; };
		AB919AA12669106F008282C6 /* VowelFlashCardView.swift */ = {isa = PBXFileReference; lastKnownFileType = sourcecode.swift; path = VowelFlashCardView.swift; sourceTree = "<group>"; };
		AB919AA7266A02A0008282C6 /* QuizView.swift */ = {isa = PBXFileReference; lastKnownFileType = sourcecode.swift; path = QuizView.swift; sourceTree = "<group>"; };
		AB919AAA266A0463008282C6 /* HomeMenuView.swift */ = {isa = PBXFileReference; lastKnownFileType = sourcecode.swift; path = HomeMenuView.swift; sourceTree = "<group>"; };
		AB919AAE266A35CD008282C6 /* TextModifier.swift */ = {isa = PBXFileReference; lastKnownFileType = sourcecode.swift; path = TextModifier.swift; sourceTree = "<group>"; };
		AB919AB0266A3835008282C6 /* QuizModifiers.swift */ = {isa = PBXFileReference; fileEncoding = 4; lastKnownFileType = sourcecode.swift; path = QuizModifiers.swift; sourceTree = "<group>"; };
		AB919AB2266A57CB008282C6 /* QuizMenuView.swift */ = {isa = PBXFileReference; lastKnownFileType = sourcecode.swift; path = QuizMenuView.swift; sourceTree = "<group>"; };
		AB919C422664CAE000B8372C /* NewWordView.swift */ = {isa = PBXFileReference; lastKnownFileType = sourcecode.swift; path = NewWordView.swift; sourceTree = "<group>"; };
		AB919C442664CBFF00B8372C /* WordFormView.swift */ = {isa = PBXFileReference; lastKnownFileType = sourcecode.swift; path = WordFormView.swift; sourceTree = "<group>"; };
		AB919CB52664EE2200B8372C /* SheetTypingView.swift */ = {isa = PBXFileReference; lastKnownFileType = sourcecode.swift; path = SheetTypingView.swift; sourceTree = "<group>"; };
		AB919CB92664F15400B8372C /* HeroHeaderView.swift */ = {isa = PBXFileReference; lastKnownFileType = sourcecode.swift; path = HeroHeaderView.swift; sourceTree = "<group>"; };
		AB919CBC2664FC1100B8372C /* TextEng.swift */ = {isa = PBXFileReference; lastKnownFileType = sourcecode.swift; path = TextEng.swift; sourceTree = "<group>"; };
		AB919CBE2665009200B8372C /* Constants.swift */ = {isa = PBXFileReference; lastKnownFileType = sourcecode.swift; path = Constants.swift; sourceTree = "<group>"; };
		AB919CC526650A9E00B8372C /* ButtonImageAction.swift */ = {isa = PBXFileReference; lastKnownFileType = sourcecode.swift; path = ButtonImageAction.swift; sourceTree = "<group>"; };
		AB919CC7266512BF00B8372C /* CustomTabSelectionView.swift */ = {isa = PBXFileReference; lastKnownFileType = sourcecode.swift; path = CustomTabSelectionView.swift; sourceTree = "<group>"; };
		AB919CCB2665192000B8372C /* TextThai.swift */ = {isa = PBXFileReference; lastKnownFileType = sourcecode.swift; path = TextThai.swift; sourceTree = "<group>"; };
		AB919CCD266574FE00B8372C /* BackgroundImageView.swift */ = {isa = PBXFileReference; lastKnownFileType = sourcecode.swift; path = BackgroundImageView.swift; sourceTree = "<group>"; };
		AB919CCF26657B4B00B8372C /* BlankView.swift */ = {isa = PBXFileReference; lastKnownFileType = sourcecode.swift; path = BlankView.swift; sourceTree = "<group>"; };
		AB919CD12665884200B8372C /* TypingVM.swift */ = {isa = PBXFileReference; lastKnownFileType = sourcecode.swift; path = TypingVM.swift; sourceTree = "<group>"; };
		AB919CD32666163400B8372C /* ButtonIconAction.swift */ = {isa = PBXFileReference; lastKnownFileType = sourcecode.swift; path = ButtonIconAction.swift; sourceTree = "<group>"; };
		AB919CD72666317700B8372C /* ButtonTextWithIconAction.swift */ = {isa = PBXFileReference; lastKnownFileType = sourcecode.swift; path = ButtonTextWithIconAction.swift; sourceTree = "<group>"; };
		AB919CD92666352500B8372C /* SpellingImagesListView.swift */ = {isa = PBXFileReference; lastKnownFileType = sourcecode.swift; path = SpellingImagesListView.swift; sourceTree = "<group>"; };
		AB919CDB266767BA00B8372C /* ImagePicker.swift */ = {isa = PBXFileReference; fileEncoding = 4; lastKnownFileType = sourcecode.swift; path = ImagePicker.swift; sourceTree = "<group>"; };
		AB919CDE266768A100B8372C /* FirebaseReference.swift */ = {isa = PBXFileReference; fileEncoding = 4; lastKnownFileType = sourcecode.swift; path = FirebaseReference.swift; sourceTree = "<group>"; };
		AB919CDF266768A100B8372C /* FileStorage.swift */ = {isa = PBXFileReference; fileEncoding = 4; lastKnownFileType = sourcecode.swift; path = FileStorage.swift; sourceTree = "<group>"; };
		AB919CE22667694E00B8372C /* Extenstions.swift */ = {isa = PBXFileReference; lastKnownFileType = sourcecode.swift; path = Extenstions.swift; sourceTree = "<group>"; };
		AB919CE426676B7900B8372C /* UploadImageView.swift */ = {isa = PBXFileReference; lastKnownFileType = sourcecode.swift; path = UploadImageView.swift; sourceTree = "<group>"; };
		AB919E8926786D1300DA9D58 /* SomeThingWentWrongView.swift */ = {isa = PBXFileReference; lastKnownFileType = sourcecode.swift; path = SomeThingWentWrongView.swift; sourceTree = "<group>"; };
		AB919E8B2678CBE500DA9D58 /* SentenceCardView.swift */ = {isa = PBXFileReference; lastKnownFileType = sourcecode.swift; path = SentenceCardView.swift; sourceTree = "<group>"; };
		AB919E8D2679257500DA9D58 /* SentenceAutoRead.swift */ = {isa = PBXFileReference; lastKnownFileType = sourcecode.swift; path = SentenceAutoRead.swift; sourceTree = "<group>"; };
		AB919E8F2679FED200DA9D58 /* ChapterNewWordsView.swift */ = {isa = PBXFileReference; lastKnownFileType = sourcecode.swift; path = ChapterNewWordsView.swift; sourceTree = "<group>"; };
		AB919EF1267B42B200DA9D58 /* ContentView.swift */ = {isa = PBXFileReference; lastKnownFileType = sourcecode.swift; path = ContentView.swift; sourceTree = "<group>"; };
		AB919EF6267B443A00DA9D58 /* TabBarButton.swift */ = {isa = PBXFileReference; lastKnownFileType = sourcecode.swift; path = TabBarButton.swift; sourceTree = "<group>"; };
		AB919EF8267B446700DA9D58 /* InsideTabBarItems.swift */ = {isa = PBXFileReference; lastKnownFileType = sourcecode.swift; path = InsideTabBarItems.swift; sourceTree = "<group>"; };
		AB919EFA267B7CCD00DA9D58 /* CommonModifier.swift */ = {isa = PBXFileReference; lastKnownFileType = sourcecode.swift; path = CommonModifier.swift; sourceTree = "<group>"; };
		AB919EFC267BAF0300DA9D58 /* CircleIconView.swift */ = {isa = PBXFileReference; lastKnownFileType = sourcecode.swift; path = CircleIconView.swift; sourceTree = "<group>"; };
		AB91DDED265D95D200ADD5C4 /* KokaiByWGO.app */ = {isa = PBXFileReference; explicitFileType = wrapper.application; includeInIndex = 0; path = KokaiByWGO.app; sourceTree = BUILT_PRODUCTS_DIR; };
		AB91DDF0265D95D200ADD5C4 /* KokaiByWGOApp.swift */ = {isa = PBXFileReference; lastKnownFileType = sourcecode.swift; path = KokaiByWGOApp.swift; sourceTree = "<group>"; };
		AB91DDF4265D95D700ADD5C4 /* Assets.xcassets */ = {isa = PBXFileReference; lastKnownFileType = folder.assetcatalog; path = Assets.xcassets; sourceTree = "<group>"; };
		AB91DDF7265D95D700ADD5C4 /* Preview Assets.xcassets */ = {isa = PBXFileReference; lastKnownFileType = folder.assetcatalog; path = "Preview Assets.xcassets"; sourceTree = "<group>"; };
		AB91DDF9265D95D700ADD5C4 /* Info.plist */ = {isa = PBXFileReference; lastKnownFileType = text.plist.xml; path = Info.plist; sourceTree = "<group>"; };
		AB91DE00265D974200ADD5C4 /* KokaiByWGO.entitlements */ = {isa = PBXFileReference; lastKnownFileType = text.plist.entitlements; path = KokaiByWGO.entitlements; sourceTree = "<group>"; };
		AB9D2DCD266DFFB400FDFA28 /* QuizVM.swift */ = {isa = PBXFileReference; lastKnownFileType = sourcecode.swift; path = QuizVM.swift; sourceTree = "<group>"; };
		AB9D2DCF266E291F00FDFA28 /* QuizResultView.swift */ = {isa = PBXFileReference; lastKnownFileType = sourcecode.swift; path = QuizResultView.swift; sourceTree = "<group>"; };
		AB9D2DD2266EAE5900FDFA28 /* LevelVM.swift */ = {isa = PBXFileReference; lastKnownFileType = sourcecode.swift; path = LevelVM.swift; sourceTree = "<group>"; };
		AB9D2DD4266EAF2500FDFA28 /* SawasdeeModel.swift */ = {isa = PBXFileReference; lastKnownFileType = sourcecode.swift; path = SawasdeeModel.swift; sourceTree = "<group>"; };
		AB9D2DD6266F6DB900FDFA28 /* ChapterVM.swift */ = {isa = PBXFileReference; lastKnownFileType = sourcecode.swift; path = ChapterVM.swift; sourceTree = "<group>"; };
		AB9D2DD8266F6EFF00FDFA28 /* SectionVM.swift */ = {isa = PBXFileReference; lastKnownFileType = sourcecode.swift; path = SectionVM.swift; sourceTree = "<group>"; };
		AB9D2DDA266F708600FDFA28 /* SentenceVM.swift */ = {isa = PBXFileReference; lastKnownFileType = sourcecode.swift; path = SentenceVM.swift; sourceTree = "<group>"; };
		AB9D2DDC266F7BCC00FDFA28 /* LevelView.swift */ = {isa = PBXFileReference; lastKnownFileType = sourcecode.swift; path = LevelView.swift; sourceTree = "<group>"; };
		AB9D2DDE266F87C300FDFA28 /* GoogleService-Info.plist */ = {isa = PBXFileReference; fileEncoding = 4; lastKnownFileType = text.plist.xml; path = "GoogleService-Info.plist"; sourceTree = "<group>"; };
		ABA201932680D26B00903BAB /* TextExtenstion.swift */ = {isa = PBXFileReference; lastKnownFileType = sourcecode.swift; path = TextExtenstion.swift; sourceTree = "<group>"; };
		ABA201952680D28D00903BAB /* ViewExtension.swift */ = {isa = PBXFileReference; lastKnownFileType = sourcecode.swift; path = ViewExtension.swift; sourceTree = "<group>"; };
		ABA47C2E2673F6A9003D05D5 /* SpeechService.swift */ = {isa = PBXFileReference; lastKnownFileType = sourcecode.swift; path = SpeechService.swift; sourceTree = "<group>"; };
		ABC1D1F12660F37500E4061D /* HeaderView.swift */ = {isa = PBXFileReference; lastKnownFileType = sourcecode.swift; path = HeaderView.swift; sourceTree = "<group>"; };
		B5B686F977D0CF2180350A9B /* Pods-KokaiByWGO.release.xcconfig */ = {isa = PBXFileReference; includeInIndex = 1; lastKnownFileType = text.xcconfig; name = "Pods-KokaiByWGO.release.xcconfig"; path = "Target Support Files/Pods-KokaiByWGO/Pods-KokaiByWGO.release.xcconfig"; sourceTree = "<group>"; };
		E41AF8880C2C656EEF526088 /* Pods-KokaiByWGO.debug.xcconfig */ = {isa = PBXFileReference; includeInIndex = 1; lastKnownFileType = text.xcconfig; name = "Pods-KokaiByWGO.debug.xcconfig"; path = "Target Support Files/Pods-KokaiByWGO/Pods-KokaiByWGO.debug.xcconfig"; sourceTree = "<group>"; };
/* End PBXFileReference section */

/* Begin PBXFrameworksBuildPhase section */
		AB91DDEA265D95D200ADD5C4 /* Frameworks */ = {
			isa = PBXFrameworksBuildPhase;
			buildActionMask = 2147483647;
			files = (
				0E0699BFC97BB5D055FDBA73 /* Pods_KokaiByWGO.framework in Frameworks */,
			);
			runOnlyForDeploymentPostprocessing = 0;
		};
/* End PBXFrameworksBuildPhase section */

/* Begin PBXGroup section */
		28E556675250EC4327E704E6 /* Frameworks */ = {
			isa = PBXGroup;
			children = (
				2D85BF93751BF65A3AFDE1C7 /* Pods_KokaiByWGO.framework */,
			);
			name = Frameworks;
			sourceTree = "<group>";
		};
		AB3550AA265E5ACF00550751 /* App */ = {
			isa = PBXGroup;
			children = (
				AB91DDF0265D95D200ADD5C4 /* KokaiByWGOApp.swift */,
				AB919EF1267B42B200DA9D58 /* ContentView.swift */,
				AB919EF6267B443A00DA9D58 /* TabBarButton.swift */,
				AB919EF8267B446700DA9D58 /* InsideTabBarItems.swift */,
				AB919AB2266A57CB008282C6 /* QuizMenuView.swift */,
				AB919AAA266A0463008282C6 /* HomeMenuView.swift */,
				AB919C422664CAE000B8372C /* NewWordView.swift */,
			);
			path = App;
			sourceTree = "<group>";
		};
		AB3550AB265E5ADF00550751 /* Data */ = {
			isa = PBXGroup;
			children = (
				AB3550B7265E5BC200550751 /* Alphabets.json */,
				AB3550B8265E5BC200550751 /* Vowels.json */,
			);
			path = Data;
			sourceTree = "<group>";
		};
		AB3550AC265E5AE800550751 /* Extension */ = {
			isa = PBXGroup;
			children = (
				AB355121265E6C5200550751 /* CodableBundleExtension.swift */,
				AB919CE22667694E00B8372C /* Extenstions.swift */,
				ABA201932680D26B00903BAB /* TextExtenstion.swift */,
				ABA201952680D28D00903BAB /* ViewExtension.swift */,
			);
			path = Extension;
			sourceTree = "<group>";
		};
		AB3550AD265E5AF400550751 /* Model */ = {
			isa = PBXGroup;
			children = (
				AB355119265E6BFB00550751 /* AlphabetModel.swift */,
				AB35511D265E6C1F00550751 /* VowelModel.swift */,
				AB9D2DD4266EAF2500FDFA28 /* SawasdeeModel.swift */,
			);
			path = Model;
			sourceTree = "<group>";
		};
		AB3550AE265E5AFC00550751 /* Modifier */ = {
			isa = PBXGroup;
			children = (
				AB919AB0266A3835008282C6 /* QuizModifiers.swift */,
				AB919AAE266A35CD008282C6 /* TextModifier.swift */,
				AB919EFA267B7CCD00DA9D58 /* CommonModifier.swift */,
			);
			path = Modifier;
			sourceTree = "<group>";
		};
		AB3550AF265E5B0700550751 /* View */ = {
			isa = PBXGroup;
			children = (
				AB9D2DD1266EAC8900FDFA28 /* Sawasdee */,
				AB919AA9266A02AA008282C6 /* Quiz */,
				AB6AA5E2266803D800A10903 /* Card */,
				AB919CC02665034800B8372C /* HelperView */,
				AB919C412664CAB600B8372C /* TypingWord */,
				AB3550B6265E5B6000550751 /* Vowels */,
				AB3550B5265E5B5000550751 /* Alphabets */,
				AB355111265E6BC100550751 /* CoverImageView.swift */,
				AB355115265E6BDA00550751 /* CreditsView.swift */,
				ABC1D1F12660F37500E4061D /* HeaderView.swift */,
				AB919CB92664F15400B8372C /* HeroHeaderView.swift */,
				AB919E8926786D1300DA9D58 /* SomeThingWentWrongView.swift */,
			);
			path = View;
			sourceTree = "<group>";
		};
		AB3550B5265E5B5000550751 /* Alphabets */ = {
			isa = PBXGroup;
			children = (
				AB3550EE265E6A7D00550751 /* AlphabetView.swift */,
				AB3550FD265E6B3300550751 /* AlphabetClassView.swift */,
				AB355101265E6B5800550751 /* AlphabetDetailView.swift */,
				AB355105265E6B7700550751 /* AlphabetGridItemView.swift */,
				AB355109265E6B9000550751 /* AlphabetListItemView.swift */,
			);
			path = Alphabets;
			sourceTree = "<group>";
		};
		AB3550B6265E5B6000550751 /* Vowels */ = {
			isa = PBXGroup;
			children = (
				AB3550EA265E6A4800550751 /* VowelView.swift */,
				AB3550F1265E6AA400550751 /* VowelClassView.swift */,
				AB3550F9265E6B0100550751 /* VowelGridItemView.swift */,
				AB35512A265E6CDF00550751 /* VowelListItemView.swift */,
			);
			path = Vowels;
			sourceTree = "<group>";
		};
		AB355188265F875600550751 /* Resource */ = {
			isa = PBXGroup;
			children = (
				AB6AA53A266782AD00A10903 /* Effect */,
				AB6AA5392667829600A10903 /* Vowels */,
				AB6AA5382667828800A10903 /* Alphabets */,
			);
			path = Resource;
			sourceTree = "<group>";
		};
		AB6AA5382667828800A10903 /* Alphabets */ = {
			isa = PBXGroup;
			children = (
				AB6AA63726690AAF00A10903 /* sound_01.mp3 */,
				AB6AA63326690AAE00A10903 /* sound_02.mp3 */,
				AB6AA63926690AAF00A10903 /* sound_03.mp3 */,
				AB6AA63126690AAE00A10903 /* sound_04.mp3 */,
				AB6AA64426690AB100A10903 /* sound_05.mp3 */,
				AB6AA63A26690AAF00A10903 /* sound_06.mp3 */,
				AB6AA63E26690AB000A10903 /* sound_07.mp3 */,
				AB6AA63526690AAF00A10903 /* sound_08.mp3 */,
				AB6AA62D26690AAD00A10903 /* sound_09.mp3 */,
				AB6AA64926690AB200A10903 /* sound_10.mp3 */,
				AB6AA63826690AAF00A10903 /* sound_11.mp3 */,
				AB6AA64B26690AB300A10903 /* sound_12.mp3 */,
				AB6AA65026690AB300A10903 /* sound_13.mp3 */,
				AB6AA63626690AAF00A10903 /* sound_14.mp3 */,
				AB6AA63226690AAE00A10903 /* sound_15.mp3 */,
				AB6AA64226690AB100A10903 /* sound_16.mp3 */,
				AB6AA65326690AB400A10903 /* sound_17.mp3 */,
				AB6AA64726690AB200A10903 /* sound_18.mp3 */,
				AB6AA64D26690AB300A10903 /* sound_19.mp3 */,
				AB6AA63D26690AB000A10903 /* sound_20.mp3 */,
				AB6AA64C26690AB300A10903 /* sound_21.mp3 */,
				AB6AA64526690AB200A10903 /* sound_22.mp3 */,
				AB6AA63426690AAE00A10903 /* sound_23.mp3 */,
				AB6AA64126690AB100A10903 /* sound_24.mp3 */,
				AB6AA64E26690AB300A10903 /* sound_25.mp3 */,
				AB6AA63F26690AB000A10903 /* sound_26.mp3 */,
				AB6AA64326690AB100A10903 /* sound_27.mp3 */,
				AB6AA65426690AB400A10903 /* sound_28.mp3 */,
				AB6AA64626690AB200A10903 /* sound_29.mp3 */,
				AB6AA64F26690AB300A10903 /* sound_30.mp3 */,
				AB6AA65126690AB400A10903 /* sound_31.mp3 */,
				AB6AA64026690AB100A10903 /* sound_32.mp3 */,
				AB6AA62E26690AAD00A10903 /* sound_33.mp3 */,
				AB6AA65226690AB400A10903 /* sound_34.mp3 */,
				AB6AA63B26690AB000A10903 /* sound_35.mp3 */,
				AB6AA62B26690AAD00A10903 /* sound_36.mp3 */,
				AB6AA63C26690AB000A10903 /* sound_37.mp3 */,
				AB6AA62C26690AAD00A10903 /* sound_38.mp3 */,
				AB6AA62F26690AAE00A10903 /* sound_39.mp3 */,
				AB6AA64A26690AB200A10903 /* sound_40.mp3 */,
				AB6AA63026690AAE00A10903 /* sound_41.mp3 */,
				AB6AA65526690AB400A10903 /* sound_42.mp3 */,
				AB6AA65626690AB500A10903 /* sound_43.mp3 */,
				AB6AA64826690AB200A10903 /* sound_44.mp3 */,
			);
			path = Alphabets;
			sourceTree = "<group>";
		};
		AB6AA5392667829600A10903 /* Vowels */ = {
			isa = PBXGroup;
			children = (
				AB6AA60A26690A9E00A10903 /* sara_01.mp3 */,
				AB6AA60426690A9D00A10903 /* sara_02.mp3 */,
				AB6AA5F826690A9B00A10903 /* sara_03.mp3 */,
				AB6AA60026690A9C00A10903 /* sara_04.mp3 */,
				AB6AA60526690A9D00A10903 /* sara_05.mp3 */,
				AB6AA5FA26690A9B00A10903 /* sara_06.mp3 */,
				AB6AA5EC26690A9900A10903 /* sara_07.mp3 */,
				AB6AA60326690A9D00A10903 /* sara_08.mp3 */,
				AB6AA5F926690A9B00A10903 /* sara_09.mp3 */,
				AB6AA60926690A9E00A10903 /* sara_10.mp3 */,
				AB6AA5FF26690A9C00A10903 /* sara_11.mp3 */,
				AB6AA5EE26690A9900A10903 /* sara_12.mp3 */,
				AB6AA60226690A9D00A10903 /* sara_13.mp3 */,
				AB6AA5FC26690A9C00A10903 /* sara_14.mp3 */,
				AB6AA5FE26690A9C00A10903 /* sara_15.mp3 */,
				AB6AA5EB26690A9800A10903 /* sara_16.mp3 */,
				AB6AA5F126690A9900A10903 /* sara_17.mp3 */,
				AB6AA5F026690A9900A10903 /* sara_18.mp3 */,
				AB6AA60826690A9E00A10903 /* sara_19.mp3 */,
				AB6AA60126690A9C00A10903 /* sara_20.mp3 */,
				AB6AA5ED26690A9900A10903 /* sara_21.mp3 */,
				AB6AA5FB26690A9B00A10903 /* sara_22.mp3 */,
				AB6AA5F426690A9A00A10903 /* sara_23.mp3 */,
				AB6AA60626690A9D00A10903 /* sara_24.mp3 */,
				AB6AA5EF26690A9900A10903 /* sara_25.mp3 */,
				AB6AA5F626690A9A00A10903 /* sara_26.mp3 */,
				AB6AA5F226690A9A00A10903 /* sara_27.mp3 */,
				AB6AA5F526690A9A00A10903 /* sara_28.mp3 */,
				AB6AA5F326690A9A00A10903 /* sara_29.mp3 */,
				AB6AA5F726690A9A00A10903 /* sara_30.mp3 */,
				AB6AA5FD26690A9C00A10903 /* sara_31.mp3 */,
				AB6AA60726690A9D00A10903 /* sara_32.mp3 */,
			);
			path = Vowels;
			sourceTree = "<group>";
		};
		AB6AA53A266782AD00A10903 /* Effect */ = {
			isa = PBXGroup;
			children = (
				AB35518C265F878B00550751 /* sound-correct.mp3 */,
				AB35518B265F878B00550751 /* sound-incorrect.mp3 */,
				AB6AA5D3266782E900A10903 /* finish.mp3 */,
				AB6AA5D4266782E900A10903 /* sound_correct.mp3 */,
				AB6AA5D5266782EA00A10903 /* sound_incorrect.mp3 */,
			);
			path = Effect;
			sourceTree = "<group>";
		};
		AB6AA5E2266803D800A10903 /* Card */ = {
			isa = PBXGroup;
			children = (
				AB6AA5E3266803E600A10903 /* AlphabetCardView.swift */,
				AB6AA5E52668065D00A10903 /* AlphabetFlashCardView.swift */,
				AB919A9F2669105B008282C6 /* VowelCardView.swift */,
				AB919AA12669106F008282C6 /* VowelFlashCardView.swift */,
				AB6AA5E92668D56E00A10903 /* CardInfoView.swift */,
			);
			path = Card;
			sourceTree = "<group>";
		};
		AB919AA9266A02AA008282C6 /* Quiz */ = {
			isa = PBXGroup;
			children = (
				AB919AA7266A02A0008282C6 /* QuizView.swift */,
				AB9D2DCD266DFFB400FDFA28 /* QuizVM.swift */,
				AB9D2DCF266E291F00FDFA28 /* QuizResultView.swift */,
			);
			path = Quiz;
			sourceTree = "<group>";
		};
		AB919C412664CAB600B8372C /* TypingWord */ = {
			isa = PBXGroup;
			children = (
				AB919C442664CBFF00B8372C /* WordFormView.swift */,
				AB919CB52664EE2200B8372C /* SheetTypingView.swift */,
				AB919CC7266512BF00B8372C /* CustomTabSelectionView.swift */,
				AB919CD92666352500B8372C /* SpellingImagesListView.swift */,
				AB919CD12665884200B8372C /* TypingVM.swift */,
			);
			path = TypingWord;
			sourceTree = "<group>";
		};
		AB919CBB2664FBD100B8372C /* Utility */ = {
			isa = PBXGroup;
			children = (
				AB6AA5DE266791E000A10903 /* SoundPlayer.swift */,
				AB919CBC2664FC1100B8372C /* TextEng.swift */,
				AB919CBE2665009200B8372C /* Constants.swift */,
				AB919CDB266767BA00B8372C /* ImagePicker.swift */,
				AB919CCB2665192000B8372C /* TextThai.swift */,
				ABA47C2E2673F6A9003D05D5 /* SpeechService.swift */,
			);
			path = Utility;
			sourceTree = "<group>";
		};
		AB919CC02665034800B8372C /* HelperView */ = {
			isa = PBXGroup;
			children = (
				AB919CC526650A9E00B8372C /* ButtonImageAction.swift */,
				AB6AA5E0266799EC00A10903 /* ButtonImageCard.swift */,
				AB919CCD266574FE00B8372C /* BackgroundImageView.swift */,
				AB919CCF26657B4B00B8372C /* BlankView.swift */,
				AB919CD32666163400B8372C /* ButtonIconAction.swift */,
				AB919CD72666317700B8372C /* ButtonTextWithIconAction.swift */,
				AB919CE426676B7900B8372C /* UploadImageView.swift */,
				AB6AA5D92667845000A10903 /* ButtonModeDarkAndLightAction.swift */,
				AB919EFC267BAF0300DA9D58 /* CircleIconView.swift */,
			);
			path = HelperView;
			sourceTree = "<group>";
		};
		AB919CDD266767EB00B8372C /* FirebaseListeners */ = {
			isa = PBXGroup;
			children = (
				AB919CDF266768A100B8372C /* FileStorage.swift */,
				AB919CDE266768A100B8372C /* FirebaseReference.swift */,
			);
			path = FirebaseListeners;
			sourceTree = "<group>";
		};
		AB91DDE4265D95D200ADD5C4 = {
			isa = PBXGroup;
			children = (
				AB91DDEF265D95D200ADD5C4 /* KokaiByWGO */,
				AB91DDEE265D95D200ADD5C4 /* Products */,
				F7019787AADFF29D6F7368EE /* Pods */,
				28E556675250EC4327E704E6 /* Frameworks */,
			);
			sourceTree = "<group>";
		};
		AB91DDEE265D95D200ADD5C4 /* Products */ = {
			isa = PBXGroup;
			children = (
				AB91DDED265D95D200ADD5C4 /* KokaiByWGO.app */,
			);
			name = Products;
			sourceTree = "<group>";
		};
		AB91DDEF265D95D200ADD5C4 /* KokaiByWGO */ = {
			isa = PBXGroup;
			children = (
				AB3550AA265E5ACF00550751 /* App */,
				AB3550AF265E5B0700550751 /* View */,
				AB3550AD265E5AF400550751 /* Model */,
				AB3550AC265E5AE800550751 /* Extension */,
				AB3550AE265E5AFC00550751 /* Modifier */,
				AB919CBB2664FBD100B8372C /* Utility */,
				AB919CDD266767EB00B8372C /* FirebaseListeners */,
				AB3550AB265E5ADF00550751 /* Data */,
				AB355188265F875600550751 /* Resource */,
				AB91DE00265D974200ADD5C4 /* KokaiByWGO.entitlements */,
				AB9D2DDE266F87C300FDFA28 /* GoogleService-Info.plist */,
				AB91DDF4265D95D700ADD5C4 /* Assets.xcassets */,
				AB91DDF9265D95D700ADD5C4 /* Info.plist */,
				AB91DDF6265D95D700ADD5C4 /* Preview Content */,
			);
			path = KokaiByWGO;
			sourceTree = "<group>";
		};
		AB91DDF6265D95D700ADD5C4 /* Preview Content */ = {
			isa = PBXGroup;
			children = (
				AB91DDF7265D95D700ADD5C4 /* Preview Assets.xcassets */,
			);
			path = "Preview Content";
			sourceTree = "<group>";
		};
		AB9D2DD1266EAC8900FDFA28 /* Sawasdee */ = {
			isa = PBXGroup;
			children = (
				AB9D2DD2266EAE5900FDFA28 /* LevelVM.swift */,
				AB9D2DD6266F6DB900FDFA28 /* ChapterVM.swift */,
				AB9D2DD8266F6EFF00FDFA28 /* SectionVM.swift */,
				AB9D2DDA266F708600FDFA28 /* SentenceVM.swift */,
				AB9D2DDC266F7BCC00FDFA28 /* LevelView.swift */,
				AB6B86842673618A00A39723 /* SentenceListView.swift */,
				AB919E8B2678CBE500DA9D58 /* SentenceCardView.swift */,
				AB919E8D2679257500DA9D58 /* SentenceAutoRead.swift */,
				AB919E8F2679FED200DA9D58 /* ChapterNewWordsView.swift */,
			);
			path = Sawasdee;
			sourceTree = "<group>";
		};
		F7019787AADFF29D6F7368EE /* Pods */ = {
			isa = PBXGroup;
			children = (
				E41AF8880C2C656EEF526088 /* Pods-KokaiByWGO.debug.xcconfig */,
				B5B686F977D0CF2180350A9B /* Pods-KokaiByWGO.release.xcconfig */,
			);
			path = Pods;
			sourceTree = "<group>";
		};
/* End PBXGroup section */

/* Begin PBXNativeTarget section */
		AB91DDEC265D95D200ADD5C4 /* KokaiByWGO */ = {
			isa = PBXNativeTarget;
			buildConfigurationList = AB91DDFC265D95D700ADD5C4 /* Build configuration list for PBXNativeTarget "KokaiByWGO" */;
			buildPhases = (
				AE5A58B0C24FA3F442EE786D /* [CP] Check Pods Manifest.lock */,
				AB91DDE9265D95D200ADD5C4 /* Sources */,
				AB91DDEA265D95D200ADD5C4 /* Frameworks */,
				AB91DDEB265D95D200ADD5C4 /* Resources */,
				0A4267C2E7393D19C0E167DE /* [CP] Embed Pods Frameworks */,
			);
			buildRules = (
			);
			dependencies = (
			);
			name = KokaiByWGO;
			productName = KokaiByWGO;
			productReference = AB91DDED265D95D200ADD5C4 /* KokaiByWGO.app */;
			productType = "com.apple.product-type.application";
		};
/* End PBXNativeTarget section */

/* Begin PBXProject section */
		AB91DDE5265D95D200ADD5C4 /* Project object */ = {
			isa = PBXProject;
			attributes = {
				LastSwiftUpdateCheck = 1240;
				LastUpgradeCheck = 1240;
				TargetAttributes = {
					AB91DDEC265D95D200ADD5C4 = {
						CreatedOnToolsVersion = 12.4;
					};
				};
			};
			buildConfigurationList = AB91DDE8265D95D200ADD5C4 /* Build configuration list for PBXProject "KokaiByWGO" */;
			compatibilityVersion = "Xcode 9.3";
			developmentRegion = en;
			hasScannedForEncodings = 0;
			knownRegions = (
				en,
				Base,
			);
			mainGroup = AB91DDE4265D95D200ADD5C4;
			productRefGroup = AB91DDEE265D95D200ADD5C4 /* Products */;
			projectDirPath = "";
			projectRoot = "";
			targets = (
				AB91DDEC265D95D200ADD5C4 /* KokaiByWGO */,
			);
		};
/* End PBXProject section */

/* Begin PBXResourcesBuildPhase section */
		AB91DDEB265D95D200ADD5C4 /* Resources */ = {
			isa = PBXResourcesBuildPhase;
			buildActionMask = 2147483647;
			files = (
				AB91DDF8265D95D700ADD5C4 /* Preview Assets.xcassets in Resources */,
				AB6AA66A26690AB500A10903 /* sound_07.mp3 in Resources */,
				AB6AA67426690AB500A10903 /* sound_44.mp3 in Resources */,
				AB6AA5D8266782EA00A10903 /* sound_incorrect.mp3 in Resources */,
				AB6AA65926690AB500A10903 /* sound_09.mp3 in Resources */,
				AB6AA5D6266782EA00A10903 /* finish.mp3 in Resources */,
				AB6AA66726690AB500A10903 /* sound_35.mp3 in Resources */,
				AB6AA66126690AB500A10903 /* sound_08.mp3 in Resources */,
				AB6AA62726690A9E00A10903 /* sara_32.mp3 in Resources */,
				AB6AA61A26690A9E00A10903 /* sara_06.mp3 in Resources */,
				AB6AA65A26690AB500A10903 /* sound_33.mp3 in Resources */,
				AB6AA66926690AB500A10903 /* sound_20.mp3 in Resources */,
				AB6AA61426690A9E00A10903 /* sara_23.mp3 in Resources */,
				AB35518E265F878B00550751 /* sound-incorrect.mp3 in Resources */,
				AB3550B9265E5BC200550751 /* Alphabets.json in Resources */,
				AB6AA66426690AB500A10903 /* sound_11.mp3 in Resources */,
				AB6AA61926690A9E00A10903 /* sara_09.mp3 in Resources */,
				AB6AA65E26690AB500A10903 /* sound_15.mp3 in Resources */,
				AB6AA61E26690A9E00A10903 /* sara_15.mp3 in Resources */,
				AB6AA68026690AB500A10903 /* sound_28.mp3 in Resources */,
				AB6AA67F26690AB500A10903 /* sound_17.mp3 in Resources */,
				AB6AA67626690AB500A10903 /* sound_40.mp3 in Resources */,
				AB6AA66626690AB500A10903 /* sound_06.mp3 in Resources */,
				AB9D2DDF266F87C300FDFA28 /* GoogleService-Info.plist in Resources */,
				AB6AA67C26690AB500A10903 /* sound_13.mp3 in Resources */,
				AB6AA60E26690A9E00A10903 /* sara_12.mp3 in Resources */,
				AB6AA60C26690A9E00A10903 /* sara_07.mp3 in Resources */,
				AB6AA61626690A9E00A10903 /* sara_26.mp3 in Resources */,
				AB6AA62526690A9E00A10903 /* sara_05.mp3 in Resources */,
				AB6AA61C26690A9E00A10903 /* sara_14.mp3 in Resources */,
				AB6AA61126690A9E00A10903 /* sara_17.mp3 in Resources */,
				AB6AA67126690AB500A10903 /* sound_22.mp3 in Resources */,
				AB6AA61F26690A9E00A10903 /* sara_11.mp3 in Resources */,
				AB6AA61026690A9E00A10903 /* sara_18.mp3 in Resources */,
				AB6AA60B26690A9E00A10903 /* sara_16.mp3 in Resources */,
				AB6AA67726690AB500A10903 /* sound_12.mp3 in Resources */,
				AB6AA67B26690AB500A10903 /* sound_30.mp3 in Resources */,
				AB6AA67E26690AB500A10903 /* sound_34.mp3 in Resources */,
				AB6AA66026690AB500A10903 /* sound_23.mp3 in Resources */,
				AB91DDF5265D95D700ADD5C4 /* Assets.xcassets in Resources */,
				AB6AA65C26690AB500A10903 /* sound_41.mp3 in Resources */,
				AB6AA62026690A9E00A10903 /* sara_04.mp3 in Resources */,
				AB6AA67826690AB500A10903 /* sound_21.mp3 in Resources */,
				AB6AA65F26690AB500A10903 /* sound_02.mp3 in Resources */,
				AB6AA66826690AB500A10903 /* sound_37.mp3 in Resources */,
				AB6AA66E26690AB500A10903 /* sound_16.mp3 in Resources */,
				AB6AA67226690AB500A10903 /* sound_29.mp3 in Resources */,
				AB6AA67526690AB500A10903 /* sound_10.mp3 in Resources */,
				AB6AA61226690A9E00A10903 /* sara_27.mp3 in Resources */,
				AB6AA62926690A9E00A10903 /* sara_10.mp3 in Resources */,
				AB6AA67D26690AB500A10903 /* sound_31.mp3 in Resources */,
				AB6AA66F26690AB500A10903 /* sound_27.mp3 in Resources */,
				AB6AA66D26690AB500A10903 /* sound_24.mp3 in Resources */,
				AB6AA62426690A9E00A10903 /* sara_02.mp3 in Resources */,
				AB6AA62126690A9E00A10903 /* sara_20.mp3 in Resources */,
				AB6AA62826690A9E00A10903 /* sara_19.mp3 in Resources */,
				AB6AA67026690AB500A10903 /* sound_05.mp3 in Resources */,
				AB6AA67326690AB500A10903 /* sound_18.mp3 in Resources */,
				AB6AA61726690A9E00A10903 /* sara_30.mp3 in Resources */,
				AB6AA62326690A9E00A10903 /* sara_08.mp3 in Resources */,
				AB6AA65826690AB500A10903 /* sound_38.mp3 in Resources */,
				AB6AA68226690AB500A10903 /* sound_43.mp3 in Resources */,
				AB6AA65726690AB500A10903 /* sound_36.mp3 in Resources */,
				AB6AA61B26690A9E00A10903 /* sara_22.mp3 in Resources */,
				AB6AA62A26690A9E00A10903 /* sara_01.mp3 in Resources */,
				AB3550BA265E5BC200550751 /* Vowels.json in Resources */,
				AB35518F265F878B00550751 /* sound-correct.mp3 in Resources */,
				AB6AA62626690A9E00A10903 /* sara_24.mp3 in Resources */,
				AB6AA61826690A9E00A10903 /* sara_03.mp3 in Resources */,
				AB6AA65B26690AB500A10903 /* sound_39.mp3 in Resources */,
				AB6AA62226690A9E00A10903 /* sara_13.mp3 in Resources */,
				AB6AA67926690AB500A10903 /* sound_19.mp3 in Resources */,
				AB6AA61D26690A9E00A10903 /* sara_31.mp3 in Resources */,
				AB6AA66326690AB500A10903 /* sound_01.mp3 in Resources */,
				AB6AA66226690AB500A10903 /* sound_14.mp3 in Resources */,
				AB6AA66C26690AB500A10903 /* sound_32.mp3 in Resources */,
				AB6AA61326690A9E00A10903 /* sara_29.mp3 in Resources */,
				AB6AA66B26690AB500A10903 /* sound_26.mp3 in Resources */,
				AB6AA68126690AB500A10903 /* sound_42.mp3 in Resources */,
				AB6AA60F26690A9E00A10903 /* sara_25.mp3 in Resources */,
				AB6AA61526690A9E00A10903 /* sara_28.mp3 in Resources */,
				AB6AA5D7266782EA00A10903 /* sound_correct.mp3 in Resources */,
				AB6AA60D26690A9E00A10903 /* sara_21.mp3 in Resources */,
				AB6AA65D26690AB500A10903 /* sound_04.mp3 in Resources */,
				AB6AA66526690AB500A10903 /* sound_03.mp3 in Resources */,
				AB6AA67A26690AB500A10903 /* sound_25.mp3 in Resources */,
			);
			runOnlyForDeploymentPostprocessing = 0;
		};
/* End PBXResourcesBuildPhase section */

/* Begin PBXShellScriptBuildPhase section */
		0A4267C2E7393D19C0E167DE /* [CP] Embed Pods Frameworks */ = {
			isa = PBXShellScriptBuildPhase;
			buildActionMask = 2147483647;
			files = (
			);
			inputFileListPaths = (
				"${PODS_ROOT}/Target Support Files/Pods-KokaiByWGO/Pods-KokaiByWGO-frameworks-${CONFIGURATION}-input-files.xcfilelist",
			);
			name = "[CP] Embed Pods Frameworks";
			outputFileListPaths = (
				"${PODS_ROOT}/Target Support Files/Pods-KokaiByWGO/Pods-KokaiByWGO-frameworks-${CONFIGURATION}-output-files.xcfilelist",
			);
			runOnlyForDeploymentPostprocessing = 0;
			shellPath = /bin/sh;
			shellScript = "\"${PODS_ROOT}/Target Support Files/Pods-KokaiByWGO/Pods-KokaiByWGO-frameworks.sh\"\n";
			showEnvVarsInLog = 0;
		};
		AE5A58B0C24FA3F442EE786D /* [CP] Check Pods Manifest.lock */ = {
			isa = PBXShellScriptBuildPhase;
			buildActionMask = 2147483647;
			files = (
			);
			inputFileListPaths = (
			);
			inputPaths = (
				"${PODS_PODFILE_DIR_PATH}/Podfile.lock",
				"${PODS_ROOT}/Manifest.lock",
			);
			name = "[CP] Check Pods Manifest.lock";
			outputFileListPaths = (
			);
			outputPaths = (
				"$(DERIVED_FILE_DIR)/Pods-KokaiByWGO-checkManifestLockResult.txt",
			);
			runOnlyForDeploymentPostprocessing = 0;
			shellPath = /bin/sh;
			shellScript = "diff \"${PODS_PODFILE_DIR_PATH}/Podfile.lock\" \"${PODS_ROOT}/Manifest.lock\" > /dev/null\nif [ $? != 0 ] ; then\n    # print error to STDERR\n    echo \"error: The sandbox is not in sync with the Podfile.lock. Run 'pod install' or update your CocoaPods installation.\" >&2\n    exit 1\nfi\n# This output is used by Xcode 'outputs' to avoid re-running this script phase.\necho \"SUCCESS\" > \"${SCRIPT_OUTPUT_FILE_0}\"\n";
			showEnvVarsInLog = 0;
		};
/* End PBXShellScriptBuildPhase section */

/* Begin PBXSourcesBuildPhase section */
		AB91DDE9265D95D200ADD5C4 /* Sources */ = {
			isa = PBXSourcesBuildPhase;
			buildActionMask = 2147483647;
			files = (
				AB919CB62664EE2200B8372C /* SheetTypingView.swift in Sources */,
				AB355116265E6BDA00550751 /* CreditsView.swift in Sources */,
				AB9D2DD0266E291F00FDFA28 /* QuizResultView.swift in Sources */,
				AB919CD42666163400B8372C /* ButtonIconAction.swift in Sources */,
				AB919C452664CBFF00B8372C /* WordFormView.swift in Sources */,
				AB919CD22665884200B8372C /* TypingVM.swift in Sources */,
				AB919CE1266768A100B8372C /* FileStorage.swift in Sources */,
				AB9D2DD5266EAF2500FDFA28 /* SawasdeeModel.swift in Sources */,
				AB3550FE265E6B3300550751 /* AlphabetClassView.swift in Sources */,
				AB919CBF2665009200B8372C /* Constants.swift in Sources */,
				AB919EFD267BAF0300DA9D58 /* CircleIconView.swift in Sources */,
				AB919AA8266A02A0008282C6 /* QuizView.swift in Sources */,
				AB3550EB265E6A4900550751 /* VowelView.swift in Sources */,
				AB3550FA265E6B0100550751 /* VowelGridItemView.swift in Sources */,
				AB919AA02669105B008282C6 /* VowelCardView.swift in Sources */,
				AB919CBD2664FC1200B8372C /* TextEng.swift in Sources */,
				AB355112265E6BC100550751 /* CoverImageView.swift in Sources */,
				AB919EF2267B42B200DA9D58 /* ContentView.swift in Sources */,
				AB919CD82666317700B8372C /* ButtonTextWithIconAction.swift in Sources */,
				AB919CE32667694E00B8372C /* Extenstions.swift in Sources */,
				AB9D2DDD266F7BCC00FDFA28 /* LevelView.swift in Sources */,
				AB919CE0266768A100B8372C /* FirebaseReference.swift in Sources */,
				AB919CD026657B4B00B8372C /* BlankView.swift in Sources */,
				AB355106265E6B7700550751 /* AlphabetGridItemView.swift in Sources */,
				AB919E8C2678CBE500DA9D58 /* SentenceCardView.swift in Sources */,
				AB919AB3266A57CC008282C6 /* QuizMenuView.swift in Sources */,
				AB6AA5E4266803E600A10903 /* AlphabetCardView.swift in Sources */,
				AB919AAF266A35CD008282C6 /* TextModifier.swift in Sources */,
				AB9D2DDB266F708600FDFA28 /* SentenceVM.swift in Sources */,
				AB919CDA2666352500B8372C /* SpellingImagesListView.swift in Sources */,
				AB3550F2265E6AA400550751 /* VowelClassView.swift in Sources */,
				AB6AA5E62668065D00A10903 /* AlphabetFlashCardView.swift in Sources */,
				AB919CCE266574FE00B8372C /* BackgroundImageView.swift in Sources */,
				AB6AA5EA2668D56E00A10903 /* CardInfoView.swift in Sources */,
				ABA201942680D26B00903BAB /* TextExtenstion.swift in Sources */,
				AB919EF7267B443A00DA9D58 /* TabBarButton.swift in Sources */,
				AB9D2DD9266F6EFF00FDFA28 /* SectionVM.swift in Sources */,
				AB919CC626650A9E00B8372C /* ButtonImageAction.swift in Sources */,
				AB6AA5E1266799EC00A10903 /* ButtonImageCard.swift in Sources */,
				AB6B86852673618A00A39723 /* SentenceListView.swift in Sources */,
				AB919CBA2664F15400B8372C /* HeroHeaderView.swift in Sources */,
				AB919AB1266A3835008282C6 /* QuizModifiers.swift in Sources */,
				AB3550EF265E6A7D00550751 /* AlphabetView.swift in Sources */,
				AB355102265E6B5800550751 /* AlphabetDetailView.swift in Sources */,
				AB919CC8266512C000B8372C /* CustomTabSelectionView.swift in Sources */,
				AB355122265E6C5200550751 /* CodableBundleExtension.swift in Sources */,
				ABC1D1F22660F37500E4061D /* HeaderView.swift in Sources */,
				AB35510A265E6B9000550751 /* AlphabetListItemView.swift in Sources */,
				AB919AA22669106F008282C6 /* VowelFlashCardView.swift in Sources */,
				AB919CCC2665192000B8372C /* TextThai.swift in Sources */,
				AB35511E265E6C1F00550751 /* VowelModel.swift in Sources */,
				AB91DDF1265D95D200ADD5C4 /* KokaiByWGOApp.swift in Sources */,
				AB6AA5DA2667845000A10903 /* ButtonModeDarkAndLightAction.swift in Sources */,
				ABA47C2F2673F6A9003D05D5 /* SpeechService.swift in Sources */,
				AB9D2DD3266EAE5900FDFA28 /* LevelVM.swift in Sources */,
				AB35512B265E6CDF00550751 /* VowelListItemView.swift in Sources */,
				AB919E8E2679257500DA9D58 /* SentenceAutoRead.swift in Sources */,
				AB9D2DD7266F6DB900FDFA28 /* ChapterVM.swift in Sources */,
				AB35511A265E6BFB00550751 /* AlphabetModel.swift in Sources */,
				ABA201962680D28D00903BAB /* ViewExtension.swift in Sources */,
				AB6AA5DF266791E000A10903 /* SoundPlayer.swift in Sources */,
				AB919CDC266767BA00B8372C /* ImagePicker.swift in Sources */,
				AB919EFB267B7CCE00DA9D58 /* CommonModifier.swift in Sources */,
				AB9D2DCE266DFFB400FDFA28 /* QuizVM.swift in Sources */,
				AB919CE526676B7900B8372C /* UploadImageView.swift in Sources */,
				AB919AAB266A0463008282C6 /* HomeMenuView.swift in Sources */,
				AB919EF9267B446700DA9D58 /* InsideTabBarItems.swift in Sources */,
				AB919E902679FED200DA9D58 /* ChapterNewWordsView.swift in Sources */,
				AB919C432664CAE000B8372C /* NewWordView.swift in Sources */,
				AB919E8A26786D1300DA9D58 /* SomeThingWentWrongView.swift in Sources */,
			);
			runOnlyForDeploymentPostprocessing = 0;
		};
/* End PBXSourcesBuildPhase section */

/* Begin XCBuildConfiguration section */
		AB91DDFA265D95D700ADD5C4 /* Debug */ = {
			isa = XCBuildConfiguration;
			buildSettings = {
				ALWAYS_SEARCH_USER_PATHS = NO;
				CLANG_ANALYZER_NONNULL = YES;
				CLANG_ANALYZER_NUMBER_OBJECT_CONVERSION = YES_AGGRESSIVE;
				CLANG_CXX_LANGUAGE_STANDARD = "gnu++14";
				CLANG_CXX_LIBRARY = "libc++";
				CLANG_ENABLE_MODULES = YES;
				CLANG_ENABLE_OBJC_ARC = YES;
				CLANG_ENABLE_OBJC_WEAK = YES;
				CLANG_WARN_BLOCK_CAPTURE_AUTORELEASING = YES;
				CLANG_WARN_BOOL_CONVERSION = YES;
				CLANG_WARN_COMMA = YES;
				CLANG_WARN_CONSTANT_CONVERSION = YES;
				CLANG_WARN_DEPRECATED_OBJC_IMPLEMENTATIONS = YES;
				CLANG_WARN_DIRECT_OBJC_ISA_USAGE = YES_ERROR;
				CLANG_WARN_DOCUMENTATION_COMMENTS = YES;
				CLANG_WARN_EMPTY_BODY = YES;
				CLANG_WARN_ENUM_CONVERSION = YES;
				CLANG_WARN_INFINITE_RECURSION = YES;
				CLANG_WARN_INT_CONVERSION = YES;
				CLANG_WARN_NON_LITERAL_NULL_CONVERSION = YES;
				CLANG_WARN_OBJC_IMPLICIT_RETAIN_SELF = YES;
				CLANG_WARN_OBJC_LITERAL_CONVERSION = YES;
				CLANG_WARN_OBJC_ROOT_CLASS = YES_ERROR;
				CLANG_WARN_QUOTED_INCLUDE_IN_FRAMEWORK_HEADER = YES;
				CLANG_WARN_RANGE_LOOP_ANALYSIS = YES;
				CLANG_WARN_STRICT_PROTOTYPES = YES;
				CLANG_WARN_SUSPICIOUS_MOVE = YES;
				CLANG_WARN_UNGUARDED_AVAILABILITY = YES_AGGRESSIVE;
				CLANG_WARN_UNREACHABLE_CODE = YES;
				CLANG_WARN__DUPLICATE_METHOD_MATCH = YES;
				COPY_PHASE_STRIP = NO;
				DEBUG_INFORMATION_FORMAT = dwarf;
				ENABLE_STRICT_OBJC_MSGSEND = YES;
				ENABLE_TESTABILITY = YES;
				GCC_C_LANGUAGE_STANDARD = gnu11;
				GCC_DYNAMIC_NO_PIC = NO;
				GCC_NO_COMMON_BLOCKS = YES;
				GCC_OPTIMIZATION_LEVEL = 0;
				GCC_PREPROCESSOR_DEFINITIONS = (
					"DEBUG=1",
					"$(inherited)",
				);
				GCC_WARN_64_TO_32_BIT_CONVERSION = YES;
				GCC_WARN_ABOUT_RETURN_TYPE = YES_ERROR;
				GCC_WARN_UNDECLARED_SELECTOR = YES;
				GCC_WARN_UNINITIALIZED_AUTOS = YES_AGGRESSIVE;
				GCC_WARN_UNUSED_FUNCTION = YES;
				GCC_WARN_UNUSED_VARIABLE = YES;
				IPHONEOS_DEPLOYMENT_TARGET = 14.4;
				MTL_ENABLE_DEBUG_INFO = INCLUDE_SOURCE;
				MTL_FAST_MATH = YES;
				ONLY_ACTIVE_ARCH = YES;
				SDKROOT = iphoneos;
				SWIFT_ACTIVE_COMPILATION_CONDITIONS = DEBUG;
				SWIFT_OPTIMIZATION_LEVEL = "-Onone";
			};
			name = Debug;
		};
		AB91DDFB265D95D700ADD5C4 /* Release */ = {
			isa = XCBuildConfiguration;
			buildSettings = {
				ALWAYS_SEARCH_USER_PATHS = NO;
				CLANG_ANALYZER_NONNULL = YES;
				CLANG_ANALYZER_NUMBER_OBJECT_CONVERSION = YES_AGGRESSIVE;
				CLANG_CXX_LANGUAGE_STANDARD = "gnu++14";
				CLANG_CXX_LIBRARY = "libc++";
				CLANG_ENABLE_MODULES = YES;
				CLANG_ENABLE_OBJC_ARC = YES;
				CLANG_ENABLE_OBJC_WEAK = YES;
				CLANG_WARN_BLOCK_CAPTURE_AUTORELEASING = YES;
				CLANG_WARN_BOOL_CONVERSION = YES;
				CLANG_WARN_COMMA = YES;
				CLANG_WARN_CONSTANT_CONVERSION = YES;
				CLANG_WARN_DEPRECATED_OBJC_IMPLEMENTATIONS = YES;
				CLANG_WARN_DIRECT_OBJC_ISA_USAGE = YES_ERROR;
				CLANG_WARN_DOCUMENTATION_COMMENTS = YES;
				CLANG_WARN_EMPTY_BODY = YES;
				CLANG_WARN_ENUM_CONVERSION = YES;
				CLANG_WARN_INFINITE_RECURSION = YES;
				CLANG_WARN_INT_CONVERSION = YES;
				CLANG_WARN_NON_LITERAL_NULL_CONVERSION = YES;
				CLANG_WARN_OBJC_IMPLICIT_RETAIN_SELF = YES;
				CLANG_WARN_OBJC_LITERAL_CONVERSION = YES;
				CLANG_WARN_OBJC_ROOT_CLASS = YES_ERROR;
				CLANG_WARN_QUOTED_INCLUDE_IN_FRAMEWORK_HEADER = YES;
				CLANG_WARN_RANGE_LOOP_ANALYSIS = YES;
				CLANG_WARN_STRICT_PROTOTYPES = YES;
				CLANG_WARN_SUSPICIOUS_MOVE = YES;
				CLANG_WARN_UNGUARDED_AVAILABILITY = YES_AGGRESSIVE;
				CLANG_WARN_UNREACHABLE_CODE = YES;
				CLANG_WARN__DUPLICATE_METHOD_MATCH = YES;
				COPY_PHASE_STRIP = NO;
				DEBUG_INFORMATION_FORMAT = "dwarf-with-dsym";
				ENABLE_NS_ASSERTIONS = NO;
				ENABLE_STRICT_OBJC_MSGSEND = YES;
				GCC_C_LANGUAGE_STANDARD = gnu11;
				GCC_NO_COMMON_BLOCKS = YES;
				GCC_WARN_64_TO_32_BIT_CONVERSION = YES;
				GCC_WARN_ABOUT_RETURN_TYPE = YES_ERROR;
				GCC_WARN_UNDECLARED_SELECTOR = YES;
				GCC_WARN_UNINITIALIZED_AUTOS = YES_AGGRESSIVE;
				GCC_WARN_UNUSED_FUNCTION = YES;
				GCC_WARN_UNUSED_VARIABLE = YES;
				IPHONEOS_DEPLOYMENT_TARGET = 14.4;
				MTL_ENABLE_DEBUG_INFO = NO;
				MTL_FAST_MATH = YES;
				SDKROOT = iphoneos;
				SWIFT_COMPILATION_MODE = wholemodule;
				SWIFT_OPTIMIZATION_LEVEL = "-O";
				VALIDATE_PRODUCT = YES;
			};
			name = Release;
		};
		AB91DDFD265D95D700ADD5C4 /* Debug */ = {
			isa = XCBuildConfiguration;
			baseConfigurationReference = E41AF8880C2C656EEF526088 /* Pods-KokaiByWGO.debug.xcconfig */;
			buildSettings = {
				ASSETCATALOG_COMPILER_APPICON_NAME = AppIcon;
				ASSETCATALOG_COMPILER_GLOBAL_ACCENT_COLOR_NAME = AccentColor;
				CODE_SIGN_ENTITLEMENTS = KokaiByWGO/KokaiByWGO.entitlements;
				CODE_SIGN_STYLE = Automatic;
				DEVELOPMENT_ASSET_PATHS = "\"KokaiByWGO/Preview Content\"";
				DEVELOPMENT_TEAM = ZD74G4QNW2;
				ENABLE_PREVIEWS = YES;
				INFOPLIST_FILE = KokaiByWGO/Info.plist;
				IPHONEOS_DEPLOYMENT_TARGET = 14.0;
				LD_RUNPATH_SEARCH_PATHS = (
					"$(inherited)",
					"@executable_path/Frameworks",
				);
				PRODUCT_BUNDLE_IDENTIFIER = com.wgoweb.KokaiByWGO;
				PRODUCT_NAME = "$(TARGET_NAME)";
				SUPPORTS_MACCATALYST = YES;
				SWIFT_VERSION = 5.0;
				TARGETED_DEVICE_FAMILY = "1,2";
			};
			name = Debug;
		};
		AB91DDFE265D95D700ADD5C4 /* Release */ = {
			isa = XCBuildConfiguration;
			baseConfigurationReference = B5B686F977D0CF2180350A9B /* Pods-KokaiByWGO.release.xcconfig */;
			buildSettings = {
				ASSETCATALOG_COMPILER_APPICON_NAME = AppIcon;
				ASSETCATALOG_COMPILER_GLOBAL_ACCENT_COLOR_NAME = AccentColor;
				CODE_SIGN_ENTITLEMENTS = KokaiByWGO/KokaiByWGO.entitlements;
				CODE_SIGN_STYLE = Automatic;
				DEVELOPMENT_ASSET_PATHS = "\"KokaiByWGO/Preview Content\"";
				DEVELOPMENT_TEAM = ZD74G4QNW2;
				ENABLE_PREVIEWS = YES;
				INFOPLIST_FILE = KokaiByWGO/Info.plist;
				IPHONEOS_DEPLOYMENT_TARGET = 14.0;
				LD_RUNPATH_SEARCH_PATHS = (
					"$(inherited)",
					"@executable_path/Frameworks",
				);
				PRODUCT_BUNDLE_IDENTIFIER = com.wgoweb.KokaiByWGO;
				PRODUCT_NAME = "$(TARGET_NAME)";
				SUPPORTS_MACCATALYST = YES;
				SWIFT_VERSION = 5.0;
				TARGETED_DEVICE_FAMILY = "1,2";
			};
			name = Release;
		};
/* End XCBuildConfiguration section */

/* Begin XCConfigurationList section */
		AB91DDE8265D95D200ADD5C4 /* Build configuration list for PBXProject "KokaiByWGO" */ = {
			isa = XCConfigurationList;
			buildConfigurations = (
				AB91DDFA265D95D700ADD5C4 /* Debug */,
				AB91DDFB265D95D700ADD5C4 /* Release */,
			);
			defaultConfigurationIsVisible = 0;
			defaultConfigurationName = Release;
		};
		AB91DDFC265D95D700ADD5C4 /* Build configuration list for PBXNativeTarget "KokaiByWGO" */ = {
			isa = XCConfigurationList;
			buildConfigurations = (
				AB91DDFD265D95D700ADD5C4 /* Debug */,
				AB91DDFE265D95D700ADD5C4 /* Release */,
			);
			defaultConfigurationIsVisible = 0;
			defaultConfigurationName = Release;
		};
/* End XCConfigurationList section */
	};
	rootObject = AB91DDE5265D95D200ADD5C4 /* Project object */;
}
